// !$*UTF8*$!
{
	archiveVersion = 1;
	classes = {
	};
	objectVersion = 63;
	objects = {

/* Begin PBXBuildFile section */
		192EC0482C963ACB00AF8528 /* CourseAssignmentManager.swift in Sources */ = {isa = PBXBuildFile; fileRef = 192EC0472C963ACB00AF8528 /* CourseAssignmentManager.swift */; };
		192EC04A2C963B9000AF8528 /* Assignment.swift in Sources */ = {isa = PBXBuildFile; fileRef = 192EC0492C963B9000AF8528 /* Assignment.swift */; };
		192EC04C2C963EE600AF8528 /* CourseAssignmentView.swift in Sources */ = {isa = PBXBuildFile; fileRef = 192EC04B2C963EE600AF8528 /* CourseAssignmentView.swift */; };
		3DAE84FE2C9A0CE8008C22E7 /* CoursePDFView.swift in Sources */ = {isa = PBXBuildFile; fileRef = 3DAE84FD2C9A0CE8008C22E7 /* CoursePDFView.swift */; };
		3DAE85002C9A0E4F008C22E7 /* PDFViewHelper.swift in Sources */ = {isa = PBXBuildFile; fileRef = 3DAE84FF2C9A0E4F008C22E7 /* PDFViewHelper.swift */; };
		7F8535742C98DE3C0023E384 /* CourseGradeView.swift in Sources */ = {isa = PBXBuildFile; fileRef = 7F8535732C98DE3C0023E384 /* CourseGradeView.swift */; };
		95BA93482C9CE20D00137A91 /* CalendarView.swift in Sources */ = {isa = PBXBuildFile; fileRef = 95BA93472C9CE20D00137A91 /* CalendarView.swift */; };
		9B350F082C9652C6003FC60D /* NSAttributedString+HTML.swift in Sources */ = {isa = PBXBuildFile; fileRef = 9B350F072C9652C6003FC60D /* NSAttributedString+HTML.swift */; };
		9B6663E32C9853BC0060990E /* AsyncAttributedText.swift in Sources */ = {isa = PBXBuildFile; fileRef = 9B6663E22C9853BC0060990E /* AsyncAttributedText.swift */; };
		9B69FA4B2CC2CC7F006101F3 /* AggregatedAssignmentsView.swift in Sources */ = {isa = PBXBuildFile; fileRef = 9B69FA4A2CC2CC7F006101F3 /* AggregatedAssignmentsView.swift */; };
		9B69FA4D2CC2CCB1006101F3 /* AggregatedAssignmentsViewModel.swift in Sources */ = {isa = PBXBuildFile; fileRef = 9B69FA4C2CC2CCB1006101F3 /* AggregatedAssignmentsViewModel.swift */; };
		9B69FA4F2CC2CCCF006101F3 /* AggregatedAssignmentsViewCell.swift in Sources */ = {isa = PBXBuildFile; fileRef = 9B69FA4E2CC2CCCF006101F3 /* AggregatedAssignmentsViewCell.swift */; };
		9B92A4232C93853C00C21CFC /* Announcement.swift in Sources */ = {isa = PBXBuildFile; fileRef = 9B92A4222C93853C00C21CFC /* Announcement.swift */; };
		9B92A4252C93856100C21CFC /* CourseAnnouncementManager.swift in Sources */ = {isa = PBXBuildFile; fileRef = 9B92A4242C93856100C21CFC /* CourseAnnouncementManager.swift */; };
		9B9C2E042C93F6CD00E4B16B /* CourseAnnouncementsView.swift in Sources */ = {isa = PBXBuildFile; fileRef = 9B9C2E032C93F6CD00E4B16B /* CourseAnnouncementsView.swift */; };
		9B9C2E062C93F94C00E4B16B /* CourseAnnouncementDetailView.swift in Sources */ = {isa = PBXBuildFile; fileRef = 9B9C2E052C93F94C00E4B16B /* CourseAnnouncementDetailView.swift */; };
		A3269E8E2CD5533F006F7D14 /* CanvasRepository.swift in Sources */ = {isa = PBXBuildFile; fileRef = A3269E8D2CD5533F006F7D14 /* CanvasRepository.swift */; };
		A3269E902CD57F75006F7D14 /* Cacheable.swift in Sources */ = {isa = PBXBuildFile; fileRef = A3269E8F2CD57F75006F7D14 /* Cacheable.swift */; };
		A3E59D302CED3CDB00AF91BD /* CanvasError.swift in Sources */ = {isa = PBXBuildFile; fileRef = A3E59D2F2CED3CDB00AF91BD /* CanvasError.swift */; };
		A3E7F3892C954E0500DC4300 /* CanvasRequest.swift in Sources */ = {isa = PBXBuildFile; fileRef = A3E7F3882C954E0500DC4300 /* CanvasRequest.swift */; };
		A3E7F38B2C9555B200DC4300 /* CanvasService.swift in Sources */ = {isa = PBXBuildFile; fileRef = A3E7F38A2C9555B200DC4300 /* CanvasService.swift */; };
		A3E7F38F2C96C1CE00DC4300 /* CourseTabsView.swift in Sources */ = {isa = PBXBuildFile; fileRef = A3E7F38E2C96C1CE00DC4300 /* CourseTabsView.swift */; };
		A3E7F3912C99317100DC4300 /* CourseTabsManager.swift in Sources */ = {isa = PBXBuildFile; fileRef = A3E7F3902C99317100DC4300 /* CourseTabsManager.swift */; };
		A3E7F3932C99338B00DC4300 /* Tab.swift in Sources */ = {isa = PBXBuildFile; fileRef = A3E7F3922C99338B00DC4300 /* Tab.swift */; };
		A3E822372CE9518500DB5D3C /* LLM in Frameworks */ = {isa = PBXBuildFile; productRef = A3E822362CE9518500DB5D3C /* LLM */; };
		A3E822392CE9518500DB5D3C /* MNIST in Frameworks */ = {isa = PBXBuildFile; productRef = A3E822382CE9518500DB5D3C /* MNIST */; };
		A3FFD03A2CDEC2AC006BAB51 /* LookupCondition.swift in Sources */ = {isa = PBXBuildFile; fileRef = A3FFD0392CDEC2AC006BAB51 /* LookupCondition.swift */; };
		A3FFD03C2CDED67C006BAB51 /* String+Int.swift in Sources */ = {isa = PBXBuildFile; fileRef = A3FFD03B2CDED67C006BAB51 /* String+Int.swift */; };
		A3FFD03E2CE0065A006BAB51 /* NetworkError.swift in Sources */ = {isa = PBXBuildFile; fileRef = A3FFD03D2CE0065A006BAB51 /* NetworkError.swift */; };
		B533C0BE2CADDDE700A74AF6 /* PeopleCommonView.swift in Sources */ = {isa = PBXBuildFile; fileRef = B533C0BD2CADDDE700A74AF6 /* PeopleCommonView.swift */; };
		B53D95A02CA0953900647EE9 /* PeopleManager.swift in Sources */ = {isa = PBXBuildFile; fileRef = B53D959F2CA0952F00647EE9 /* PeopleManager.swift */; };
		B53D95A22CA0A22A00647EE9 /* PeopleView.swift in Sources */ = {isa = PBXBuildFile; fileRef = B53D95A12CA0A22A00647EE9 /* PeopleView.swift */; };
		B76454FE2C8DF61B002DF00E /* Course.swift in Sources */ = {isa = PBXBuildFile; fileRef = B76454ED2C8DF61B002DF00E /* Course.swift */; };
		B76454FF2C8DF61B002DF00E /* Enrollment.swift in Sources */ = {isa = PBXBuildFile; fileRef = B76454EE2C8DF61B002DF00E /* Enrollment.swift */; };
		B76455002C8DF61B002DF00E /* File.swift in Sources */ = {isa = PBXBuildFile; fileRef = B76454EF2C8DF61B002DF00E /* File.swift */; };
		B76455012C8DF61B002DF00E /* StorageKeys.swift in Sources */ = {isa = PBXBuildFile; fileRef = B76454F02C8DF61B002DF00E /* StorageKeys.swift */; };
		B76455022C8DF61B002DF00E /* CourseFilesView.swift in Sources */ = {isa = PBXBuildFile; fileRef = B76454F42C8DF61B002DF00E /* CourseFilesView.swift */; };
		B76455032C8DF61B002DF00E /* CourseListView.swift in Sources */ = {isa = PBXBuildFile; fileRef = B76454F52C8DF61B002DF00E /* CourseListView.swift */; };
		B76455042C8DF61B002DF00E /* CourseView.swift in Sources */ = {isa = PBXBuildFile; fileRef = B76454F62C8DF61B002DF00E /* CourseView.swift */; };
		B76455052C8DF61B002DF00E /* SetupView.swift in Sources */ = {isa = PBXBuildFile; fileRef = B76454F72C8DF61B002DF00E /* SetupView.swift */; };
		B76455062C8DF61B002DF00E /* CanvasPlusPlaygroundApp.swift in Sources */ = {isa = PBXBuildFile; fileRef = B76454FA2C8DF61B002DF00E /* CanvasPlusPlaygroundApp.swift */; };
		B76455072C8DF61B002DF00E /* CourseFileManager.swift in Sources */ = {isa = PBXBuildFile; fileRef = B76454FB2C8DF61B002DF00E /* CourseFileManager.swift */; };
		B76455082C8DF61B002DF00E /* CourseManager.swift in Sources */ = {isa = PBXBuildFile; fileRef = B76454FC2C8DF61B002DF00E /* CourseManager.swift */; };
		B76455092C8DF61B002DF00E /* Preview Assets.xcassets in Resources */ = {isa = PBXBuildFile; fileRef = B76454F22C8DF61B002DF00E /* Preview Assets.xcassets */; };
		B764550A2C8DF61B002DF00E /* Assets.xcassets in Resources */ = {isa = PBXBuildFile; fileRef = B76454F92C8DF61B002DF00E /* Assets.xcassets */; };
		B7926D162CE95CED00BFFBE1 /* RGBColors.swift in Sources */ = {isa = PBXBuildFile; fileRef = B7926D152CE95CE900BFFBE1 /* RGBColors.swift */; };
		B7926D182CE962C200BFFBE1 /* ColorPickerWithoutLabel.swift in Sources */ = {isa = PBXBuildFile; fileRef = B7926D172CE962C200BFFBE1 /* ColorPickerWithoutLabel.swift */; };
		B7A26EE92CCB62A30084704A /* NavigationModel.swift in Sources */ = {isa = PBXBuildFile; fileRef = B7A26EE82CCB62A00084704A /* NavigationModel.swift */; };
		B7AD54F32CD41D7900FB09BB /* LLMEvaluator.swift in Sources */ = {isa = PBXBuildFile; fileRef = B7AD54F12CD41D7900FB09BB /* LLMEvaluator.swift */; };
		B7AD54F42CD41D7900FB09BB /* Models.swift in Sources */ = {isa = PBXBuildFile; fileRef = B7AD54F22CD41D7900FB09BB /* Models.swift */; };
		B7AD54F52CD41D7900FB09BB /* Data.swift in Sources */ = {isa = PBXBuildFile; fileRef = B7AD54EF2CD41D7900FB09BB /* Data.swift */; };
		B7AD54F62CD41D7900FB09BB /* DeviceStat.swift in Sources */ = {isa = PBXBuildFile; fileRef = B7AD54F02CD41D7900FB09BB /* DeviceStat.swift */; };
		B7AD550C2CD4257B00FB09BB /* IntelligenceOnboardingView.swift in Sources */ = {isa = PBXBuildFile; fileRef = B7AD550B2CD4257400FB09BB /* IntelligenceOnboardingView.swift */; };
/* End PBXBuildFile section */

/* Begin PBXFileReference section */
		192EC0472C963ACB00AF8528 /* CourseAssignmentManager.swift */ = {isa = PBXFileReference; lastKnownFileType = sourcecode.swift; path = CourseAssignmentManager.swift; sourceTree = "<group>"; };
		192EC0492C963B9000AF8528 /* Assignment.swift */ = {isa = PBXFileReference; lastKnownFileType = sourcecode.swift; path = Assignment.swift; sourceTree = "<group>"; };
		192EC04B2C963EE600AF8528 /* CourseAssignmentView.swift */ = {isa = PBXFileReference; lastKnownFileType = sourcecode.swift; path = CourseAssignmentView.swift; sourceTree = "<group>"; };
		3DAE84FD2C9A0CE8008C22E7 /* CoursePDFView.swift */ = {isa = PBXFileReference; lastKnownFileType = sourcecode.swift; path = CoursePDFView.swift; sourceTree = "<group>"; };
		3DAE84FF2C9A0E4F008C22E7 /* PDFViewHelper.swift */ = {isa = PBXFileReference; lastKnownFileType = sourcecode.swift; path = PDFViewHelper.swift; sourceTree = "<group>"; };
		7F8535732C98DE3C0023E384 /* CourseGradeView.swift */ = {isa = PBXFileReference; lastKnownFileType = sourcecode.swift; path = CourseGradeView.swift; sourceTree = "<group>"; };
		95BA93472C9CE20D00137A91 /* CalendarView.swift */ = {isa = PBXFileReference; lastKnownFileType = sourcecode.swift; path = CalendarView.swift; sourceTree = "<group>"; };
		9B350F072C9652C6003FC60D /* NSAttributedString+HTML.swift */ = {isa = PBXFileReference; lastKnownFileType = sourcecode.swift; path = "NSAttributedString+HTML.swift"; sourceTree = "<group>"; };
		9B6663E22C9853BC0060990E /* AsyncAttributedText.swift */ = {isa = PBXFileReference; lastKnownFileType = sourcecode.swift; path = AsyncAttributedText.swift; sourceTree = "<group>"; };
		9B69FA4A2CC2CC7F006101F3 /* AggregatedAssignmentsView.swift */ = {isa = PBXFileReference; lastKnownFileType = sourcecode.swift; path = AggregatedAssignmentsView.swift; sourceTree = "<group>"; };
		9B69FA4C2CC2CCB1006101F3 /* AggregatedAssignmentsViewModel.swift */ = {isa = PBXFileReference; lastKnownFileType = sourcecode.swift; path = AggregatedAssignmentsViewModel.swift; sourceTree = "<group>"; };
		9B69FA4E2CC2CCCF006101F3 /* AggregatedAssignmentsViewCell.swift */ = {isa = PBXFileReference; lastKnownFileType = sourcecode.swift; path = AggregatedAssignmentsViewCell.swift; sourceTree = "<group>"; };
		9B92A4222C93853C00C21CFC /* Announcement.swift */ = {isa = PBXFileReference; lastKnownFileType = sourcecode.swift; path = Announcement.swift; sourceTree = "<group>"; };
		9B92A4242C93856100C21CFC /* CourseAnnouncementManager.swift */ = {isa = PBXFileReference; lastKnownFileType = sourcecode.swift; path = CourseAnnouncementManager.swift; sourceTree = "<group>"; };
		9B9C2E032C93F6CD00E4B16B /* CourseAnnouncementsView.swift */ = {isa = PBXFileReference; lastKnownFileType = sourcecode.swift; path = CourseAnnouncementsView.swift; sourceTree = "<group>"; };
		9B9C2E052C93F94C00E4B16B /* CourseAnnouncementDetailView.swift */ = {isa = PBXFileReference; lastKnownFileType = sourcecode.swift; path = CourseAnnouncementDetailView.swift; sourceTree = "<group>"; };
		A3269E8D2CD5533F006F7D14 /* CanvasRepository.swift */ = {isa = PBXFileReference; lastKnownFileType = sourcecode.swift; path = CanvasRepository.swift; sourceTree = "<group>"; };
		A3269E8F2CD57F75006F7D14 /* Cacheable.swift */ = {isa = PBXFileReference; lastKnownFileType = sourcecode.swift; path = Cacheable.swift; sourceTree = "<group>"; };
		A3E59D2F2CED3CDB00AF91BD /* CanvasError.swift */ = {isa = PBXFileReference; lastKnownFileType = sourcecode.swift; path = CanvasError.swift; sourceTree = "<group>"; };
		A3E7F3882C954E0500DC4300 /* CanvasRequest.swift */ = {isa = PBXFileReference; lastKnownFileType = sourcecode.swift; path = CanvasRequest.swift; sourceTree = "<group>"; };
		A3E7F38A2C9555B200DC4300 /* CanvasService.swift */ = {isa = PBXFileReference; lastKnownFileType = sourcecode.swift; path = CanvasService.swift; sourceTree = "<group>"; };
		A3E7F38E2C96C1CE00DC4300 /* CourseTabsView.swift */ = {isa = PBXFileReference; lastKnownFileType = sourcecode.swift; path = CourseTabsView.swift; sourceTree = "<group>"; };
		A3E7F3902C99317100DC4300 /* CourseTabsManager.swift */ = {isa = PBXFileReference; lastKnownFileType = sourcecode.swift; path = CourseTabsManager.swift; sourceTree = "<group>"; };
		A3E7F3922C99338B00DC4300 /* Tab.swift */ = {isa = PBXFileReference; lastKnownFileType = sourcecode.swift; path = Tab.swift; sourceTree = "<group>"; };
		A3FFD0392CDEC2AC006BAB51 /* LookupCondition.swift */ = {isa = PBXFileReference; lastKnownFileType = sourcecode.swift; path = LookupCondition.swift; sourceTree = "<group>"; };
		A3FFD03B2CDED67C006BAB51 /* String+Int.swift */ = {isa = PBXFileReference; lastKnownFileType = sourcecode.swift; path = "String+Int.swift"; sourceTree = "<group>"; };
		A3FFD03D2CE0065A006BAB51 /* NetworkError.swift */ = {isa = PBXFileReference; lastKnownFileType = sourcecode.swift; path = NetworkError.swift; sourceTree = "<group>"; };
		B533C0BD2CADDDE700A74AF6 /* PeopleCommonView.swift */ = {isa = PBXFileReference; lastKnownFileType = sourcecode.swift; path = PeopleCommonView.swift; sourceTree = "<group>"; };
		B53D959F2CA0952F00647EE9 /* PeopleManager.swift */ = {isa = PBXFileReference; lastKnownFileType = sourcecode.swift; path = PeopleManager.swift; sourceTree = "<group>"; };
		B53D95A12CA0A22A00647EE9 /* PeopleView.swift */ = {isa = PBXFileReference; lastKnownFileType = sourcecode.swift; path = PeopleView.swift; sourceTree = "<group>"; };
		B76454642C8BBC7F002DF00E /* CanvasPlusPlayground.app */ = {isa = PBXFileReference; explicitFileType = wrapper.application; includeInIndex = 0; path = CanvasPlusPlayground.app; sourceTree = BUILT_PRODUCTS_DIR; };
		B76454ED2C8DF61B002DF00E /* Course.swift */ = {isa = PBXFileReference; lastKnownFileType = sourcecode.swift; path = Course.swift; sourceTree = "<group>"; };
		B76454EE2C8DF61B002DF00E /* Enrollment.swift */ = {isa = PBXFileReference; lastKnownFileType = sourcecode.swift; path = Enrollment.swift; sourceTree = "<group>"; };
		B76454EF2C8DF61B002DF00E /* File.swift */ = {isa = PBXFileReference; lastKnownFileType = sourcecode.swift; path = File.swift; sourceTree = "<group>"; };
		B76454F02C8DF61B002DF00E /* StorageKeys.swift */ = {isa = PBXFileReference; lastKnownFileType = sourcecode.swift; path = StorageKeys.swift; sourceTree = "<group>"; };
		B76454F22C8DF61B002DF00E /* Preview Assets.xcassets */ = {isa = PBXFileReference; lastKnownFileType = folder.assetcatalog; path = "Preview Assets.xcassets"; sourceTree = "<group>"; };
		B76454F42C8DF61B002DF00E /* CourseFilesView.swift */ = {isa = PBXFileReference; lastKnownFileType = sourcecode.swift; path = CourseFilesView.swift; sourceTree = "<group>"; };
		B76454F52C8DF61B002DF00E /* CourseListView.swift */ = {isa = PBXFileReference; lastKnownFileType = sourcecode.swift; path = CourseListView.swift; sourceTree = "<group>"; };
		B76454F62C8DF61B002DF00E /* CourseView.swift */ = {isa = PBXFileReference; lastKnownFileType = sourcecode.swift; path = CourseView.swift; sourceTree = "<group>"; };
		B76454F72C8DF61B002DF00E /* SetupView.swift */ = {isa = PBXFileReference; lastKnownFileType = sourcecode.swift; path = SetupView.swift; sourceTree = "<group>"; };
		B76454F92C8DF61B002DF00E /* Assets.xcassets */ = {isa = PBXFileReference; lastKnownFileType = folder.assetcatalog; path = Assets.xcassets; sourceTree = "<group>"; };
		B76454FA2C8DF61B002DF00E /* CanvasPlusPlaygroundApp.swift */ = {isa = PBXFileReference; lastKnownFileType = sourcecode.swift; path = CanvasPlusPlaygroundApp.swift; sourceTree = "<group>"; };
		B76454FB2C8DF61B002DF00E /* CourseFileManager.swift */ = {isa = PBXFileReference; lastKnownFileType = sourcecode.swift; path = CourseFileManager.swift; sourceTree = "<group>"; };
		B76454FC2C8DF61B002DF00E /* CourseManager.swift */ = {isa = PBXFileReference; lastKnownFileType = sourcecode.swift; path = CourseManager.swift; sourceTree = "<group>"; };
		B7926D152CE95CE900BFFBE1 /* RGBColors.swift */ = {isa = PBXFileReference; lastKnownFileType = sourcecode.swift; path = RGBColors.swift; sourceTree = "<group>"; };
		B7926D172CE962C200BFFBE1 /* ColorPickerWithoutLabel.swift */ = {isa = PBXFileReference; lastKnownFileType = sourcecode.swift; path = ColorPickerWithoutLabel.swift; sourceTree = "<group>"; };
		B7A26EE82CCB62A00084704A /* NavigationModel.swift */ = {isa = PBXFileReference; lastKnownFileType = sourcecode.swift; path = NavigationModel.swift; sourceTree = "<group>"; };
		B7AD54EF2CD41D7900FB09BB /* Data.swift */ = {isa = PBXFileReference; lastKnownFileType = sourcecode.swift; path = Data.swift; sourceTree = "<group>"; };
		B7AD54F02CD41D7900FB09BB /* DeviceStat.swift */ = {isa = PBXFileReference; lastKnownFileType = sourcecode.swift; path = DeviceStat.swift; sourceTree = "<group>"; };
		B7AD54F12CD41D7900FB09BB /* LLMEvaluator.swift */ = {isa = PBXFileReference; lastKnownFileType = sourcecode.swift; path = LLMEvaluator.swift; sourceTree = "<group>"; };
		B7AD54F22CD41D7900FB09BB /* Models.swift */ = {isa = PBXFileReference; lastKnownFileType = sourcecode.swift; path = Models.swift; sourceTree = "<group>"; };
		B7AD550B2CD4257400FB09BB /* IntelligenceOnboardingView.swift */ = {isa = PBXFileReference; lastKnownFileType = sourcecode.swift; path = IntelligenceOnboardingView.swift; sourceTree = "<group>"; };
/* End PBXFileReference section */

/* Begin PBXFrameworksBuildPhase section */
		B76454612C8BBC7F002DF00E /* Frameworks */ = {
			isa = PBXFrameworksBuildPhase;
			buildActionMask = 2147483647;
			files = (
				A3E822392CE9518500DB5D3C /* MNIST in Frameworks */,
				A3E822372CE9518500DB5D3C /* LLM in Frameworks */,
			);
			runOnlyForDeploymentPostprocessing = 0;
		};
/* End PBXFrameworksBuildPhase section */

/* Begin PBXGroup section */
		9B350F062C9652A8003FC60D /* Helpers */ = {
			isa = PBXGroup;
			children = (
				B7926D172CE962C200BFFBE1 /* ColorPickerWithoutLabel.swift */,
				B7926D152CE95CE900BFFBE1 /* RGBColors.swift */,
				B7A26EE82CCB62A00084704A /* NavigationModel.swift */,
				9B350F072C9652C6003FC60D /* NSAttributedString+HTML.swift */,
				3DAE84FF2C9A0E4F008C22E7 /* PDFViewHelper.swift */,
				A3FFD03B2CDED67C006BAB51 /* String+Int.swift */,
			);
			path = Helpers;
			sourceTree = "<group>";
		};
		A3E7F3872C954DDF00DC4300 /* Services */ = {
			isa = PBXGroup;
			children = (
				A3E7F3882C954E0500DC4300 /* CanvasRequest.swift */,
				A3E7F38A2C9555B200DC4300 /* CanvasService.swift */,
				A3269E8D2CD5533F006F7D14 /* CanvasRepository.swift */,
				A3FFD0392CDEC2AC006BAB51 /* LookupCondition.swift */,
				A3FFD03D2CE0065A006BAB51 /* NetworkError.swift */,
				A3E59D2F2CED3CDB00AF91BD /* CanvasError.swift */,
			);
			path = Services;
			sourceTree = "<group>";
		};
		B764545B2C8BBC7F002DF00E = {
			isa = PBXGroup;
			children = (
				B76454FD2C8DF61B002DF00E /* CanvasPlusPlayground */,
				B76454652C8BBC7F002DF00E /* Products */,
			);
			sourceTree = "<group>";
		};
		B76454652C8BBC7F002DF00E /* Products */ = {
			isa = PBXGroup;
			children = (
				B76454642C8BBC7F002DF00E /* CanvasPlusPlayground.app */,
			);
			name = Products;
			sourceTree = "<group>";
		};
		B76454F12C8DF61B002DF00E /* Model */ = {
			isa = PBXGroup;
			children = (
				B7AD54EE2CD41D5200FB09BB /* Intelligence */,
				B76454ED2C8DF61B002DF00E /* Course.swift */,
				B76454EE2C8DF61B002DF00E /* Enrollment.swift */,
				B76454EF2C8DF61B002DF00E /* File.swift */,
				192EC0492C963B9000AF8528 /* Assignment.swift */,
				B76454F02C8DF61B002DF00E /* StorageKeys.swift */,
				9B92A4222C93853C00C21CFC /* Announcement.swift */,
				A3E7F3922C99338B00DC4300 /* Tab.swift */,
				A3269E8F2CD57F75006F7D14 /* Cacheable.swift */,
			);
			path = Model;
			sourceTree = "<group>";
		};
		B76454F32C8DF61B002DF00E /* Preview Content */ = {
			isa = PBXGroup;
			children = (
				B76454F22C8DF61B002DF00E /* Preview Assets.xcassets */,
			);
			path = "Preview Content";
			sourceTree = "<group>";
		};
		B76454F82C8DF61B002DF00E /* Views */ = {
			isa = PBXGroup;
			children = (
				B7AD550B2CD4257400FB09BB /* IntelligenceOnboardingView.swift */,
				3DAE84FD2C9A0CE8008C22E7 /* CoursePDFView.swift */,
				B76454F42C8DF61B002DF00E /* CourseFilesView.swift */,
				9B6663E22C9853BC0060990E /* AsyncAttributedText.swift */,
				192EC04B2C963EE600AF8528 /* CourseAssignmentView.swift */,
				95BA93472C9CE20D00137A91 /* CalendarView.swift */,
				A3E7F38E2C96C1CE00DC4300 /* CourseTabsView.swift */,
				B76454F52C8DF61B002DF00E /* CourseListView.swift */,
				B76454F62C8DF61B002DF00E /* CourseView.swift */,
				B53D95A12CA0A22A00647EE9 /* PeopleView.swift */,
				B533C0BD2CADDDE700A74AF6 /* PeopleCommonView.swift */,
				9B9C2E032C93F6CD00E4B16B /* CourseAnnouncementsView.swift */,
				9B9C2E052C93F94C00E4B16B /* CourseAnnouncementDetailView.swift */,
				B76454F72C8DF61B002DF00E /* SetupView.swift */,
				7F8535732C98DE3C0023E384 /* CourseGradeView.swift */,
				9B69FA4A2CC2CC7F006101F3 /* AggregatedAssignmentsView.swift */,
				9B69FA4E2CC2CCCF006101F3 /* AggregatedAssignmentsViewCell.swift */,
			);
			path = Views;
			sourceTree = "<group>";
		};
		B76454FD2C8DF61B002DF00E /* CanvasPlusPlayground */ = {
			isa = PBXGroup;
			children = (
				9B350F062C9652A8003FC60D /* Helpers */,
				A3E7F3872C954DDF00DC4300 /* Services */,
				B76454F12C8DF61B002DF00E /* Model */,
				B76454F32C8DF61B002DF00E /* Preview Content */,
				B76454F82C8DF61B002DF00E /* Views */,
				B76454F92C8DF61B002DF00E /* Assets.xcassets */,
				B76454FA2C8DF61B002DF00E /* CanvasPlusPlaygroundApp.swift */,
				9B92A4242C93856100C21CFC /* CourseAnnouncementManager.swift */,
				B76454FB2C8DF61B002DF00E /* CourseFileManager.swift */,
				B53D959F2CA0952F00647EE9 /* PeopleManager.swift */,
				192EC0472C963ACB00AF8528 /* CourseAssignmentManager.swift */,
				A3E7F3902C99317100DC4300 /* CourseTabsManager.swift */,
				B76454FC2C8DF61B002DF00E /* CourseManager.swift */,
				9B69FA4C2CC2CCB1006101F3 /* AggregatedAssignmentsViewModel.swift */,
			);
			path = CanvasPlusPlayground;
			sourceTree = "<group>";
		};
		B7AD54EE2CD41D5200FB09BB /* Intelligence */ = {
			isa = PBXGroup;
			children = (
				B7AD54EF2CD41D7900FB09BB /* Data.swift */,
				B7AD54F02CD41D7900FB09BB /* DeviceStat.swift */,
				B7AD54F12CD41D7900FB09BB /* LLMEvaluator.swift */,
				B7AD54F22CD41D7900FB09BB /* Models.swift */,
			);
			path = Intelligence;
			sourceTree = "<group>";
		};
/* End PBXGroup section */

/* Begin PBXNativeTarget section */
		B76454632C8BBC7F002DF00E /* CanvasPlusPlayground */ = {
			isa = PBXNativeTarget;
			buildConfigurationList = B76454722C8BBC81002DF00E /* Build configuration list for PBXNativeTarget "CanvasPlusPlayground" */;
			buildPhases = (
				B76454602C8BBC7F002DF00E /* Sources */,
				B76454612C8BBC7F002DF00E /* Frameworks */,
				B76454622C8BBC7F002DF00E /* Resources */,
			);
			buildRules = (
			);
			dependencies = (
			);
			name = CanvasPlusPlayground;
			packageProductDependencies = (
				A3E822362CE9518500DB5D3C /* LLM */,
				A3E822382CE9518500DB5D3C /* MNIST */,
			);
			productName = CanvasPlusPlayground;
			productReference = B76454642C8BBC7F002DF00E /* CanvasPlusPlayground.app */;
			productType = "com.apple.product-type.application";
		};
/* End PBXNativeTarget section */

/* Begin PBXProject section */
		B764545C2C8BBC7F002DF00E /* Project object */ = {
			isa = PBXProject;
			attributes = {
				BuildIndependentTargetsInParallel = 1;
				LastSwiftUpdateCheck = 1610;
				LastUpgradeCheck = 1610;
				TargetAttributes = {
					B76454632C8BBC7F002DF00E = {
						CreatedOnToolsVersion = 16.1;
					};
				};
			};
			buildConfigurationList = B764545F2C8BBC7F002DF00E /* Build configuration list for PBXProject "CanvasPlusPlayground" */;
			compatibilityVersion = "Xcode 15.0";
			developmentRegion = en;
			hasScannedForEncodings = 0;
			knownRegions = (
				en,
				Base,
			);
			mainGroup = B764545B2C8BBC7F002DF00E;
			minimizedProjectReferenceProxies = 1;
			packageReferences = (
				A3E822352CE9518500DB5D3C /* XCRemoteSwiftPackageReference "mlx-swift-examples" */,
			);
			productRefGroup = B76454652C8BBC7F002DF00E /* Products */;
			projectDirPath = "";
			projectRoot = "";
			targets = (
				B76454632C8BBC7F002DF00E /* CanvasPlusPlayground */,
			);
		};
/* End PBXProject section */

/* Begin PBXResourcesBuildPhase section */
		B76454622C8BBC7F002DF00E /* Resources */ = {
			isa = PBXResourcesBuildPhase;
			buildActionMask = 2147483647;
			files = (
				B76455092C8DF61B002DF00E /* Preview Assets.xcassets in Resources */,
				B764550A2C8DF61B002DF00E /* Assets.xcassets in Resources */,
			);
			runOnlyForDeploymentPostprocessing = 0;
		};
/* End PBXResourcesBuildPhase section */

/* Begin PBXSourcesBuildPhase section */
		B76454602C8BBC7F002DF00E /* Sources */ = {
			isa = PBXSourcesBuildPhase;
			buildActionMask = 2147483647;
			files = (
				9B92A4232C93853C00C21CFC /* Announcement.swift in Sources */,
				B76454FE2C8DF61B002DF00E /* Course.swift in Sources */,
				95BA93482C9CE20D00137A91 /* CalendarView.swift in Sources */,
				B76454FF2C8DF61B002DF00E /* Enrollment.swift in Sources */,
				B76455002C8DF61B002DF00E /* File.swift in Sources */,
				B7A26EE92CCB62A30084704A /* NavigationModel.swift in Sources */,
				192EC04A2C963B9000AF8528 /* Assignment.swift in Sources */,
				B7926D162CE95CED00BFFBE1 /* RGBColors.swift in Sources */,
				3DAE84FE2C9A0CE8008C22E7 /* CoursePDFView.swift in Sources */,
				9B69FA4F2CC2CCCF006101F3 /* AggregatedAssignmentsViewCell.swift in Sources */,
				192EC0482C963ACB00AF8528 /* CourseAssignmentManager.swift in Sources */,
				B76455012C8DF61B002DF00E /* StorageKeys.swift in Sources */,
				A3FFD03A2CDEC2AC006BAB51 /* LookupCondition.swift in Sources */,
				A3E7F3932C99338B00DC4300 /* Tab.swift in Sources */,
				9B69FA4D2CC2CCB1006101F3 /* AggregatedAssignmentsViewModel.swift in Sources */,
				B76455022C8DF61B002DF00E /* CourseFilesView.swift in Sources */,
				B76455032C8DF61B002DF00E /* CourseListView.swift in Sources */,
				A3269E8E2CD5533F006F7D14 /* CanvasRepository.swift in Sources */,
				A3FFD03E2CE0065A006BAB51 /* NetworkError.swift in Sources */,
				B53D95A22CA0A22A00647EE9 /* PeopleView.swift in Sources */,
				B76455042C8DF61B002DF00E /* CourseView.swift in Sources */,
				9B92A4252C93856100C21CFC /* CourseAnnouncementManager.swift in Sources */,
				B76455052C8DF61B002DF00E /* SetupView.swift in Sources */,
				B7AD54F32CD41D7900FB09BB /* LLMEvaluator.swift in Sources */,
				B7AD54F42CD41D7900FB09BB /* Models.swift in Sources */,
				B7AD54F52CD41D7900FB09BB /* Data.swift in Sources */,
				B7AD54F62CD41D7900FB09BB /* DeviceStat.swift in Sources */,
				9B350F082C9652C6003FC60D /* NSAttributedString+HTML.swift in Sources */,
				9B9C2E042C93F6CD00E4B16B /* CourseAnnouncementsView.swift in Sources */,
				192EC04C2C963EE600AF8528 /* CourseAssignmentView.swift in Sources */,
				A3FFD03C2CDED67C006BAB51 /* String+Int.swift in Sources */,
				B53D95A02CA0953900647EE9 /* PeopleManager.swift in Sources */,
				A3E7F3892C954E0500DC4300 /* CanvasRequest.swift in Sources */,
				A3E7F3912C99317100DC4300 /* CourseTabsManager.swift in Sources */,
				A3E7F38F2C96C1CE00DC4300 /* CourseTabsView.swift in Sources */,
				B76455062C8DF61B002DF00E /* CanvasPlusPlaygroundApp.swift in Sources */,
				9B69FA4B2CC2CC7F006101F3 /* AggregatedAssignmentsView.swift in Sources */,
				B76455072C8DF61B002DF00E /* CourseFileManager.swift in Sources */,
				A3269E902CD57F75006F7D14 /* Cacheable.swift in Sources */,
				3DAE85002C9A0E4F008C22E7 /* PDFViewHelper.swift in Sources */,
				B533C0BE2CADDDE700A74AF6 /* PeopleCommonView.swift in Sources */,
				B7926D182CE962C200BFFBE1 /* ColorPickerWithoutLabel.swift in Sources */,
				A3E7F38B2C9555B200DC4300 /* CanvasService.swift in Sources */,
				B76455082C8DF61B002DF00E /* CourseManager.swift in Sources */,
				9B9C2E062C93F94C00E4B16B /* CourseAnnouncementDetailView.swift in Sources */,
				9B6663E32C9853BC0060990E /* AsyncAttributedText.swift in Sources */,
				B7AD550C2CD4257B00FB09BB /* IntelligenceOnboardingView.swift in Sources */,
				7F8535742C98DE3C0023E384 /* CourseGradeView.swift in Sources */,
				A3E59D302CED3CDB00AF91BD /* CanvasError.swift in Sources */,
			);
			runOnlyForDeploymentPostprocessing = 0;
		};
/* End PBXSourcesBuildPhase section */

/* Begin XCBuildConfiguration section */
		B76454702C8BBC81002DF00E /* Debug */ = {
			isa = XCBuildConfiguration;
			buildSettings = {
				ALWAYS_SEARCH_USER_PATHS = NO;
				ASSETCATALOG_COMPILER_GENERATE_SWIFT_ASSET_SYMBOL_EXTENSIONS = YES;
				CLANG_ANALYZER_NONNULL = YES;
				CLANG_ANALYZER_NUMBER_OBJECT_CONVERSION = YES_AGGRESSIVE;
				CLANG_CXX_LANGUAGE_STANDARD = "gnu++20";
				CLANG_ENABLE_MODULES = YES;
				CLANG_ENABLE_OBJC_ARC = YES;
				CLANG_ENABLE_OBJC_WEAK = YES;
				CLANG_WARN_BLOCK_CAPTURE_AUTORELEASING = YES;
				CLANG_WARN_BOOL_CONVERSION = YES;
				CLANG_WARN_COMMA = YES;
				CLANG_WARN_CONSTANT_CONVERSION = YES;
				CLANG_WARN_DEPRECATED_OBJC_IMPLEMENTATIONS = YES;
				CLANG_WARN_DIRECT_OBJC_ISA_USAGE = YES_ERROR;
				CLANG_WARN_DOCUMENTATION_COMMENTS = YES;
				CLANG_WARN_EMPTY_BODY = YES;
				CLANG_WARN_ENUM_CONVERSION = YES;
				CLANG_WARN_INFINITE_RECURSION = YES;
				CLANG_WARN_INT_CONVERSION = YES;
				CLANG_WARN_NON_LITERAL_NULL_CONVERSION = YES;
				CLANG_WARN_OBJC_IMPLICIT_RETAIN_SELF = YES;
				CLANG_WARN_OBJC_LITERAL_CONVERSION = YES;
				CLANG_WARN_OBJC_ROOT_CLASS = YES_ERROR;
				CLANG_WARN_QUOTED_INCLUDE_IN_FRAMEWORK_HEADER = YES;
				CLANG_WARN_RANGE_LOOP_ANALYSIS = YES;
				CLANG_WARN_STRICT_PROTOTYPES = YES;
				CLANG_WARN_SUSPICIOUS_MOVE = YES;
				CLANG_WARN_UNGUARDED_AVAILABILITY = YES_AGGRESSIVE;
				CLANG_WARN_UNREACHABLE_CODE = YES;
				CLANG_WARN__DUPLICATE_METHOD_MATCH = YES;
				COPY_PHASE_STRIP = NO;
				DEBUG_INFORMATION_FORMAT = dwarf;
				ENABLE_STRICT_OBJC_MSGSEND = YES;
				ENABLE_TESTABILITY = YES;
				ENABLE_USER_SCRIPT_SANDBOXING = YES;
				GCC_C_LANGUAGE_STANDARD = gnu17;
				GCC_DYNAMIC_NO_PIC = NO;
				GCC_NO_COMMON_BLOCKS = YES;
				GCC_OPTIMIZATION_LEVEL = 0;
				GCC_PREPROCESSOR_DEFINITIONS = (
					"DEBUG=1",
					"$(inherited)",
				);
				GCC_WARN_64_TO_32_BIT_CONVERSION = YES;
				GCC_WARN_ABOUT_RETURN_TYPE = YES_ERROR;
				GCC_WARN_UNDECLARED_SELECTOR = YES;
				GCC_WARN_UNINITIALIZED_AUTOS = YES_AGGRESSIVE;
				GCC_WARN_UNUSED_FUNCTION = YES;
				GCC_WARN_UNUSED_VARIABLE = YES;
				IPHONEOS_DEPLOYMENT_TARGET = 18.1;
				LOCALIZATION_PREFERS_STRING_CATALOGS = YES;
				MTL_ENABLE_DEBUG_INFO = INCLUDE_SOURCE;
				MTL_FAST_MATH = YES;
				ONLY_ACTIVE_ARCH = YES;
				SDKROOT = iphoneos;
				SWIFT_ACTIVE_COMPILATION_CONDITIONS = "DEBUG $(inherited)";
				SWIFT_OPTIMIZATION_LEVEL = "-Onone";
			};
			name = Debug;
		};
		B76454712C8BBC81002DF00E /* Release */ = {
			isa = XCBuildConfiguration;
			buildSettings = {
				ALWAYS_SEARCH_USER_PATHS = NO;
				ASSETCATALOG_COMPILER_GENERATE_SWIFT_ASSET_SYMBOL_EXTENSIONS = YES;
				CLANG_ANALYZER_NONNULL = YES;
				CLANG_ANALYZER_NUMBER_OBJECT_CONVERSION = YES_AGGRESSIVE;
				CLANG_CXX_LANGUAGE_STANDARD = "gnu++20";
				CLANG_ENABLE_MODULES = YES;
				CLANG_ENABLE_OBJC_ARC = YES;
				CLANG_ENABLE_OBJC_WEAK = YES;
				CLANG_WARN_BLOCK_CAPTURE_AUTORELEASING = YES;
				CLANG_WARN_BOOL_CONVERSION = YES;
				CLANG_WARN_COMMA = YES;
				CLANG_WARN_CONSTANT_CONVERSION = YES;
				CLANG_WARN_DEPRECATED_OBJC_IMPLEMENTATIONS = YES;
				CLANG_WARN_DIRECT_OBJC_ISA_USAGE = YES_ERROR;
				CLANG_WARN_DOCUMENTATION_COMMENTS = YES;
				CLANG_WARN_EMPTY_BODY = YES;
				CLANG_WARN_ENUM_CONVERSION = YES;
				CLANG_WARN_INFINITE_RECURSION = YES;
				CLANG_WARN_INT_CONVERSION = YES;
				CLANG_WARN_NON_LITERAL_NULL_CONVERSION = YES;
				CLANG_WARN_OBJC_IMPLICIT_RETAIN_SELF = YES;
				CLANG_WARN_OBJC_LITERAL_CONVERSION = YES;
				CLANG_WARN_OBJC_ROOT_CLASS = YES_ERROR;
				CLANG_WARN_QUOTED_INCLUDE_IN_FRAMEWORK_HEADER = YES;
				CLANG_WARN_RANGE_LOOP_ANALYSIS = YES;
				CLANG_WARN_STRICT_PROTOTYPES = YES;
				CLANG_WARN_SUSPICIOUS_MOVE = YES;
				CLANG_WARN_UNGUARDED_AVAILABILITY = YES_AGGRESSIVE;
				CLANG_WARN_UNREACHABLE_CODE = YES;
				CLANG_WARN__DUPLICATE_METHOD_MATCH = YES;
				COPY_PHASE_STRIP = NO;
				DEBUG_INFORMATION_FORMAT = "dwarf-with-dsym";
				ENABLE_NS_ASSERTIONS = NO;
				ENABLE_STRICT_OBJC_MSGSEND = YES;
				ENABLE_USER_SCRIPT_SANDBOXING = YES;
				GCC_C_LANGUAGE_STANDARD = gnu17;
				GCC_NO_COMMON_BLOCKS = YES;
				GCC_WARN_64_TO_32_BIT_CONVERSION = YES;
				GCC_WARN_ABOUT_RETURN_TYPE = YES_ERROR;
				GCC_WARN_UNDECLARED_SELECTOR = YES;
				GCC_WARN_UNINITIALIZED_AUTOS = YES_AGGRESSIVE;
				GCC_WARN_UNUSED_FUNCTION = YES;
				GCC_WARN_UNUSED_VARIABLE = YES;
				IPHONEOS_DEPLOYMENT_TARGET = 18.1;
				LOCALIZATION_PREFERS_STRING_CATALOGS = YES;
				MTL_ENABLE_DEBUG_INFO = NO;
				MTL_FAST_MATH = YES;
				SDKROOT = iphoneos;
				SWIFT_COMPILATION_MODE = wholemodule;
				VALIDATE_PRODUCT = YES;
			};
			name = Release;
		};
		B76454732C8BBC81002DF00E /* Debug */ = {
			isa = XCBuildConfiguration;
			buildSettings = {
				ASSETCATALOG_COMPILER_APPICON_NAME = AppIcon;
				ASSETCATALOG_COMPILER_GLOBAL_ACCENT_COLOR_NAME = AccentColor;
				CODE_SIGN_STYLE = Automatic;
				CURRENT_PROJECT_VERSION = 1;
				DEVELOPMENT_ASSET_PATHS = "\"CanvasPlusPlayground/Preview Content\"";
				DEVELOPMENT_TEAM = "";
				ENABLE_PREVIEWS = YES;
				GENERATE_INFOPLIST_FILE = YES;
				INFOPLIST_KEY_UIApplicationSceneManifest_Generation = YES;
				INFOPLIST_KEY_UIApplicationSupportsIndirectInputEvents = YES;
				INFOPLIST_KEY_UILaunchScreen_Generation = YES;
				INFOPLIST_KEY_UISupportedInterfaceOrientations_iPad = "UIInterfaceOrientationPortrait UIInterfaceOrientationPortraitUpsideDown UIInterfaceOrientationLandscapeLeft UIInterfaceOrientationLandscapeRight";
				INFOPLIST_KEY_UISupportedInterfaceOrientations_iPhone = "UIInterfaceOrientationPortrait UIInterfaceOrientationLandscapeLeft UIInterfaceOrientationLandscapeRight";
				IPHONEOS_DEPLOYMENT_TARGET = 17.0;
				LD_RUNPATH_SEARCH_PATHS = (
					"$(inherited)",
					"@executable_path/Frameworks",
				);
				MACOSX_DEPLOYMENT_TARGET = 14.4;
				MARKETING_VERSION = 1.0;
				PRODUCT_BUNDLE_IDENTIFIER = com.rahulon.CanvasPlusPlayground;
				PRODUCT_NAME = "$(TARGET_NAME)";
				REGISTER_APP_GROUPS = NO;
				SUPPORTED_PLATFORMS = "iphoneos iphonesimulator macosx";
				SUPPORTS_MACCATALYST = NO;
				SUPPORTS_MAC_DESIGNED_FOR_IPHONE_IPAD = NO;
				SWIFT_EMIT_LOC_STRINGS = YES;
				SWIFT_VERSION = 5.0;
				TARGETED_DEVICE_FAMILY = "1,2";
			};
			name = Debug;
		};
		B76454742C8BBC81002DF00E /* Release */ = {
			isa = XCBuildConfiguration;
			buildSettings = {
				ASSETCATALOG_COMPILER_APPICON_NAME = AppIcon;
				ASSETCATALOG_COMPILER_GLOBAL_ACCENT_COLOR_NAME = AccentColor;
				CODE_SIGN_STYLE = Automatic;
				CURRENT_PROJECT_VERSION = 1;
				DEVELOPMENT_ASSET_PATHS = "\"CanvasPlusPlayground/Preview Content\"";
				DEVELOPMENT_TEAM = "";
				ENABLE_PREVIEWS = YES;
				GENERATE_INFOPLIST_FILE = YES;
				INFOPLIST_KEY_UIApplicationSceneManifest_Generation = YES;
				INFOPLIST_KEY_UIApplicationSupportsIndirectInputEvents = YES;
				INFOPLIST_KEY_UILaunchScreen_Generation = YES;
				INFOPLIST_KEY_UISupportedInterfaceOrientations_iPad = "UIInterfaceOrientationPortrait UIInterfaceOrientationPortraitUpsideDown UIInterfaceOrientationLandscapeLeft UIInterfaceOrientationLandscapeRight";
				INFOPLIST_KEY_UISupportedInterfaceOrientations_iPhone = "UIInterfaceOrientationPortrait UIInterfaceOrientationLandscapeLeft UIInterfaceOrientationLandscapeRight";
				IPHONEOS_DEPLOYMENT_TARGET = 17.0;
				LD_RUNPATH_SEARCH_PATHS = (
					"$(inherited)",
					"@executable_path/Frameworks",
				);
				MACOSX_DEPLOYMENT_TARGET = 14.4;
				MARKETING_VERSION = 1.0;
				PRODUCT_BUNDLE_IDENTIFIER = com.rahulon.CanvasPlusPlayground;
				PRODUCT_NAME = "$(TARGET_NAME)";
				REGISTER_APP_GROUPS = NO;
				SUPPORTED_PLATFORMS = "iphoneos iphonesimulator macosx";
				SUPPORTS_MACCATALYST = NO;
				SUPPORTS_MAC_DESIGNED_FOR_IPHONE_IPAD = NO;
				SWIFT_EMIT_LOC_STRINGS = YES;
				SWIFT_VERSION = 5.0;
				TARGETED_DEVICE_FAMILY = "1,2";
			};
			name = Release;
		};
/* End XCBuildConfiguration section */

/* Begin XCConfigurationList section */
		B764545F2C8BBC7F002DF00E /* Build configuration list for PBXProject "CanvasPlusPlayground" */ = {
			isa = XCConfigurationList;
			buildConfigurations = (
				B76454702C8BBC81002DF00E /* Debug */,
				B76454712C8BBC81002DF00E /* Release */,
			);
			defaultConfigurationIsVisible = 0;
			defaultConfigurationName = Release;
		};
		B76454722C8BBC81002DF00E /* Build configuration list for PBXNativeTarget "CanvasPlusPlayground" */ = {
			isa = XCConfigurationList;
			buildConfigurations = (
				B76454732C8BBC81002DF00E /* Debug */,
				B76454742C8BBC81002DF00E /* Release */,
			);
			defaultConfigurationIsVisible = 0;
			defaultConfigurationName = Release;
		};
/* End XCConfigurationList section */

/* Begin XCRemoteSwiftPackageReference section */
		A3E822352CE9518500DB5D3C /* XCRemoteSwiftPackageReference "mlx-swift-examples" */ = {
			isa = XCRemoteSwiftPackageReference;
			repositoryURL = "https://github.com/ml-explore/mlx-swift-examples";
			requirement = {
				kind = exactVersion;
				version = 1.16.0;
			};
		};
/* End XCRemoteSwiftPackageReference section */

/* Begin XCSwiftPackageProductDependency section */
		A3E822362CE9518500DB5D3C /* LLM */ = {
			isa = XCSwiftPackageProductDependency;
			package = A3E822352CE9518500DB5D3C /* XCRemoteSwiftPackageReference "mlx-swift-examples" */;
			productName = LLM;
		};
		A3E822382CE9518500DB5D3C /* MNIST */ = {
			isa = XCSwiftPackageProductDependency;
			package = A3E822352CE9518500DB5D3C /* XCRemoteSwiftPackageReference "mlx-swift-examples" */;
			productName = MNIST;
		};
/* End XCSwiftPackageProductDependency section */
	};
	rootObject = B764545C2C8BBC7F002DF00E /* Project object */;
}
