// !$*UTF8*$!
{
	archiveVersion = 1;
	classes = {
	};
	objectVersion = 70;
	objects = {

/* Begin PBXBuildFile section */
		192EC0482C963ACB00AF8528 /* CourseAssignmentManager.swift in Sources */ = {isa = PBXBuildFile; fileRef = 192EC0472C963ACB00AF8528 /* CourseAssignmentManager.swift */; };
		192EC04A2C963B9000AF8528 /* AssignmentAPI.swift in Sources */ = {isa = PBXBuildFile; fileRef = 192EC0492C963B9000AF8528 /* AssignmentAPI.swift */; };
		192EC04C2C963EE600AF8528 /* CourseAssignmentsView.swift in Sources */ = {isa = PBXBuildFile; fileRef = 192EC04B2C963EE600AF8528 /* CourseAssignmentsView.swift */; };
		3DAE84FE2C9A0CE8008C22E7 /* CoursePDFView.swift in Sources */ = {isa = PBXBuildFile; fileRef = 3DAE84FD2C9A0CE8008C22E7 /* CoursePDFView.swift */; };
		3DAE85002C9A0E4F008C22E7 /* BridgedPDFView.swift in Sources */ = {isa = PBXBuildFile; fileRef = 3DAE84FF2C9A0E4F008C22E7 /* BridgedPDFView.swift */; };
		7F8535742C98DE3C0023E384 /* CourseGradeView.swift in Sources */ = {isa = PBXBuildFile; fileRef = 7F8535732C98DE3C0023E384 /* CourseGradeView.swift */; };
		95BA93482C9CE20D00137A91 /* CalendarView.swift in Sources */ = {isa = PBXBuildFile; fileRef = 95BA93472C9CE20D00137A91 /* CalendarView.swift */; };
		9A977E832D6C322F001D7F0A /* LoggerService.swift in Sources */ = {isa = PBXBuildFile; fileRef = 9A977E822D6C322F001D7F0A /* LoggerService.swift */; };
		9A977E8B2D6C375E001D7F0A /* ColorPickerSheet.swift in Sources */ = {isa = PBXBuildFile; fileRef = 9A977E8A2D6C375E001D7F0A /* ColorPickerSheet.swift */; };
		9B07E7122D779CAB00359B69 /* Date+RelativeDates.swift in Sources */ = {isa = PBXBuildFile; fileRef = 9B07E7112D779CA500359B69 /* Date+RelativeDates.swift */; };
		9B0C19402D78E461002ABEFC /* AssignmentSubmissionView.swift in Sources */ = {isa = PBXBuildFile; fileRef = 9B0C193F2D78E461002ABEFC /* AssignmentSubmissionView.swift */; };
		9B350F082C9652C6003FC60D /* NSAttributedString+HTML.swift in Sources */ = {isa = PBXBuildFile; fileRef = 9B350F072C9652C6003FC60D /* NSAttributedString+HTML.swift */; };
		9B6663E32C9853BC0060990E /* HTMLTextView.swift in Sources */ = {isa = PBXBuildFile; fileRef = 9B6663E22C9853BC0060990E /* HTMLTextView.swift */; };
		9B69FA4B2CC2CC7F006101F3 /* AggregatedAssignmentsView.swift in Sources */ = {isa = PBXBuildFile; fileRef = 9B69FA4A2CC2CC7F006101F3 /* AggregatedAssignmentsView.swift */; };
		9B69FA4D2CC2CCB1006101F3 /* AggregatedAssignmentsViewModel.swift in Sources */ = {isa = PBXBuildFile; fileRef = 9B69FA4C2CC2CCB1006101F3 /* AggregatedAssignmentsViewModel.swift */; };
		9B69FA4F2CC2CCCF006101F3 /* AggregatedAssignmentsListCell.swift in Sources */ = {isa = PBXBuildFile; fileRef = 9B69FA4E2CC2CCCF006101F3 /* AggregatedAssignmentsListCell.swift */; };
		9B6D4F802D6E48340033044F /* ReminderButton.swift in Sources */ = {isa = PBXBuildFile; fileRef = 9B6D4F7F2D6E48340033044F /* ReminderButton.swift */; };
		9B762BC92D7BF8E70051F1F6 /* SubmitAssignmentRequest.swift in Sources */ = {isa = PBXBuildFile; fileRef = 9B762BC82D7BF8E70051F1F6 /* SubmitAssignmentRequest.swift */; };
		9B92A4232C93853C00C21CFC /* Announcement.swift in Sources */ = {isa = PBXBuildFile; fileRef = 9B92A4222C93853C00C21CFC /* Announcement.swift */; };
		9B92A4252C93856100C21CFC /* CourseAnnouncementManager.swift in Sources */ = {isa = PBXBuildFile; fileRef = 9B92A4242C93856100C21CFC /* CourseAnnouncementManager.swift */; };
		9B9C2E042C93F6CD00E4B16B /* CourseAnnouncementsView.swift in Sources */ = {isa = PBXBuildFile; fileRef = 9B9C2E032C93F6CD00E4B16B /* CourseAnnouncementsView.swift */; };
		9B9C2E062C93F94C00E4B16B /* CourseAnnouncementDetailView.swift in Sources */ = {isa = PBXBuildFile; fileRef = 9B9C2E052C93F94C00E4B16B /* CourseAnnouncementDetailView.swift */; };
		9BA7C0F72D62DC92000F2918 /* PinnedItemDetailView.swift in Sources */ = {isa = PBXBuildFile; fileRef = 9BA7C0F62D62DC92000F2918 /* PinnedItemDetailView.swift */; };
		9BEB4ED02D56AF570013869D /* AssignmentDetailView.swift in Sources */ = {isa = PBXBuildFile; fileRef = 9BEB4ECF2D56AF570013869D /* AssignmentDetailView.swift */; };
		9BF228C82D6CD1EB000676F2 /* RemindersManager.swift in Sources */ = {isa = PBXBuildFile; fileRef = 9BF228C72D6CD1EB000676F2 /* RemindersManager.swift */; };
		A301EE092D61137400D71139 /* MarkCourseDiscussionTopicReadRequest.swift in Sources */ = {isa = PBXBuildFile; fileRef = A301EE082D61137400D71139 /* MarkCourseDiscussionTopicReadRequest.swift */; };
		A301EE0B2D61148C00D71139 /* MarkCourseDiscussionTopicUnreadRequest.swift in Sources */ = {isa = PBXBuildFile; fileRef = A301EE0A2D61148C00D71139 /* MarkCourseDiscussionTopicUnreadRequest.swift */; };
		A301EE0D2D612E7100D71139 /* DiscussionTopicAPI.swift in Sources */ = {isa = PBXBuildFile; fileRef = A301EE0C2D612E7100D71139 /* DiscussionTopicAPI.swift */; };
		A301EE0F2D612EA800D71139 /* DiscussionTopic.swift in Sources */ = {isa = PBXBuildFile; fileRef = A301EE0E2D612EA800D71139 /* DiscussionTopic.swift */; };
		A301EE132D614A4100D71139 /* GetDiscussionTopicsRequest.swift in Sources */ = {isa = PBXBuildFile; fileRef = A301EE122D614A4100D71139 /* GetDiscussionTopicsRequest.swift */; };
		A3049B532D0E5241002F3166 /* Quiz.swift in Sources */ = {isa = PBXBuildFile; fileRef = A3049B522D0E5241002F3166 /* Quiz.swift */; };
		A3049B562D0E541D002F3166 /* QuizType.swift in Sources */ = {isa = PBXBuildFile; fileRef = A3049B552D0E541D002F3166 /* QuizType.swift */; };
		A3049B592D0E5A96002F3166 /* LockInfo.swift in Sources */ = {isa = PBXBuildFile; fileRef = A3049B582D0E5A96002F3166 /* LockInfo.swift */; };
		A3049B5B2D0E5C18002F3166 /* QuizPermissions.swift in Sources */ = {isa = PBXBuildFile; fileRef = A3049B5A2D0E5C18002F3166 /* QuizPermissions.swift */; };
		A3049B5D2D0E5D5A002F3166 /* APIAssignmentDate.swift in Sources */ = {isa = PBXBuildFile; fileRef = A3049B5C2D0E5D5A002F3166 /* APIAssignmentDate.swift */; };
		A3049B5F2D0E6044002F3166 /* QuizHideResults.swift in Sources */ = {isa = PBXBuildFile; fileRef = A3049B5E2D0E6044002F3166 /* QuizHideResults.swift */; };
		A3049B612D0E6110002F3166 /* QuizQuestionType.swift in Sources */ = {isa = PBXBuildFile; fileRef = A3049B602D0E6110002F3166 /* QuizQuestionType.swift */; };
		A3049B632D0E6154002F3166 /* ScoringPolicy.swift in Sources */ = {isa = PBXBuildFile; fileRef = A3049B622D0E6154002F3166 /* ScoringPolicy.swift */; };
		A3049B662D0F3E32002F3166 /* CourseQuizzesView.swift in Sources */ = {isa = PBXBuildFile; fileRef = A3049B652D0F3E32002F3166 /* CourseQuizzesView.swift */; };
		A3049B682D0F3ECA002F3166 /* QuizzesViewModel.swift in Sources */ = {isa = PBXBuildFile; fileRef = A3049B672D0F3ECA002F3166 /* QuizzesViewModel.swift */; };
		A3049B722D125509002F3166 /* APIRequest.swift in Sources */ = {isa = PBXBuildFile; fileRef = A3049B712D125509002F3166 /* APIRequest.swift */; };
		A3049B752D15DC1C002F3166 /* GetCoursesRequest.swift in Sources */ = {isa = PBXBuildFile; fileRef = A3049B742D15DC1C002F3166 /* GetCoursesRequest.swift */; };
		A3049B772D15DC36002F3166 /* GetCourseRequest.swift in Sources */ = {isa = PBXBuildFile; fileRef = A3049B762D15DC36002F3166 /* GetCourseRequest.swift */; };
		A3049B792D15E162002F3166 /* GetCourseRootFolderRequest.swift in Sources */ = {isa = PBXBuildFile; fileRef = A3049B782D15E162002F3166 /* GetCourseRootFolderRequest.swift */; };
		A3049B7B2D15E2B7002F3166 /* GetFilesInFolderRequest.swift in Sources */ = {isa = PBXBuildFile; fileRef = A3049B7A2D15E2B7002F3166 /* GetFilesInFolderRequest.swift */; };
		A3049B7D2D160299002F3166 /* GetFoldersInFolderRequest.swift in Sources */ = {isa = PBXBuildFile; fileRef = A3049B7C2D160299002F3166 /* GetFoldersInFolderRequest.swift */; };
		A3049B7F2D160C03002F3166 /* GetTabsRequest.swift in Sources */ = {isa = PBXBuildFile; fileRef = A3049B7E2D160C03002F3166 /* GetTabsRequest.swift */; };
		A3049B812D160F6B002F3166 /* GetAnnouncementsRequest.swift in Sources */ = {isa = PBXBuildFile; fileRef = A3049B802D160F6B002F3166 /* GetAnnouncementsRequest.swift */; };
		A3049B832D161432002F3166 /* GetAssignmentsRequest.swift in Sources */ = {isa = PBXBuildFile; fileRef = A3049B822D161432002F3166 /* GetAssignmentsRequest.swift */; };
		A3049B852D161455002F3166 /* GetEnrollmentsRequest.swift in Sources */ = {isa = PBXBuildFile; fileRef = A3049B842D161455002F3166 /* GetEnrollmentsRequest.swift */; };
		A3049B872D16146D002F3166 /* GetQuizzesRequest.swift in Sources */ = {isa = PBXBuildFile; fileRef = A3049B862D16146D002F3166 /* GetQuizzesRequest.swift */; };
		A306ED112CEAC09E00556D1E /* Folder.swift in Sources */ = {isa = PBXBuildFile; fileRef = A306ED102CEAC09E00556D1E /* Folder.swift */; };
		A31A81E72D0CCB69003C37EB /* GradesViewModel.swift in Sources */ = {isa = PBXBuildFile; fileRef = A31A81E62D0CCB69003C37EB /* GradesViewModel.swift */; };
		A324BA642D07AF0B005F53FA /* CourseFileService.swift in Sources */ = {isa = PBXBuildFile; fileRef = A324BA632D07AF0B005F53FA /* CourseFileService.swift */; };
		A324BA662D07AFD5005F53FA /* FileType.swift in Sources */ = {isa = PBXBuildFile; fileRef = A324BA652D07AFD5005F53FA /* FileType.swift */; };
		A324BA682D07C2E9005F53FA /* FileViewer.swift in Sources */ = {isa = PBXBuildFile; fileRef = A324BA672D07C2E9005F53FA /* FileViewer.swift */; };
		A324BA6A2D0817AB005F53FA /* FoldersPageView.swift in Sources */ = {isa = PBXBuildFile; fileRef = A324BA692D0817AB005F53FA /* FoldersPageView.swift */; };
		A3269E8E2CD5533F006F7D14 /* CanvasRepository.swift in Sources */ = {isa = PBXBuildFile; fileRef = A3269E8D2CD5533F006F7D14 /* CanvasRepository.swift */; };
		A3269E902CD57F75006F7D14 /* Cacheable.swift in Sources */ = {isa = PBXBuildFile; fileRef = A3269E8F2CD57F75006F7D14 /* Cacheable.swift */; };
		A351913F2D283556001E415F /* ModulesListView.swift in Sources */ = {isa = PBXBuildFile; fileRef = A351913E2D283556001E415F /* ModulesListView.swift */; };
		A35191412D283589001E415F /* ModulesViewModel.swift in Sources */ = {isa = PBXBuildFile; fileRef = A35191402D283589001E415F /* ModulesViewModel.swift */; };
		A35191432D28ED48001E415F /* GetModuleItemsRequest.swift in Sources */ = {isa = PBXBuildFile; fileRef = A35191422D28ED48001E415F /* GetModuleItemsRequest.swift */; };
		A352AD182D3DA423007EE6FC /* LoadingMethod.swift in Sources */ = {isa = PBXBuildFile; fileRef = A352AD172D3DA423007EE6FC /* LoadingMethod.swift */; };
		A352AD1A2D3EF1C1007EE6FC /* GetCourseUsersRequest.swift in Sources */ = {isa = PBXBuildFile; fileRef = A352AD192D3EF1C1007EE6FC /* GetCourseUsersRequest.swift */; };
		A352AD1C2D3EF206007EE6FC /* User.swift in Sources */ = {isa = PBXBuildFile; fileRef = A352AD1B2D3EF206007EE6FC /* User.swift */; };
		A373DC0D2D19F65700215019 /* APIGradingPeriod.swift in Sources */ = {isa = PBXBuildFile; fileRef = A373DC0C2D19F65700215019 /* APIGradingPeriod.swift */; };
		A373DC0F2D19F71600215019 /* TypeSafeCodable.swift in Sources */ = {isa = PBXBuildFile; fileRef = A373DC0E2D19F71600215019 /* TypeSafeCodable.swift */; };
		A373DC142D19FA2A00215019 /* APICourseSection.swift in Sources */ = {isa = PBXBuildFile; fileRef = A373DC132D19FA2A00215019 /* APICourseSection.swift */; };
		A373DC162D1A3C8700215019 /* RequestMethod.swift in Sources */ = {isa = PBXBuildFile; fileRef = A373DC152D1A3C8700215019 /* RequestMethod.swift */; };
		A373DC232D1D454000215019 /* APIGradingSchemeEntry.swift in Sources */ = {isa = PBXBuildFile; fileRef = A373DC222D1D454000215019 /* APIGradingSchemeEntry.swift */; };
		A373DC252D1D4BEC00215019 /* APIQuizSubmission.swift in Sources */ = {isa = PBXBuildFile; fileRef = A373DC242D1D4BEC00215019 /* APIQuizSubmission.swift */; };
		A373DC272D1D4C4A00215019 /* QuizSubmissionWorkflowState.swift in Sources */ = {isa = PBXBuildFile; fileRef = A373DC262D1D4C4A00215019 /* QuizSubmissionWorkflowState.swift */; };
		A373DC2B2D23EB3D00215019 /* Submission.swift in Sources */ = {isa = PBXBuildFile; fileRef = A373DC2A2D23EB3D00215019 /* Submission.swift */; };
		A373DC2D2D28172E00215019 /* GetModulesRequest.swift in Sources */ = {isa = PBXBuildFile; fileRef = A373DC2C2D28172E00215019 /* GetModulesRequest.swift */; };
		A373DC312D28176100215019 /* APIModule.swift in Sources */ = {isa = PBXBuildFile; fileRef = A373DC302D28176100215019 /* APIModule.swift */; };
		A373DC332D2819F700215019 /* APIModuleItem.swift in Sources */ = {isa = PBXBuildFile; fileRef = A373DC322D2819F700215019 /* APIModuleItem.swift */; };
		A373DC352D2824D700215019 /* Module.swift in Sources */ = {isa = PBXBuildFile; fileRef = A373DC342D2824D700215019 /* Module.swift */; };
		A373DC372D28285300215019 /* ModuleItem.swift in Sources */ = {isa = PBXBuildFile; fileRef = A373DC362D28285300215019 /* ModuleItem.swift */; };
		A3CA02592D43294B00A9752B /* SearchResultsListView.swift in Sources */ = {isa = PBXBuildFile; fileRef = A3CA02582D43294B00A9752B /* SearchResultsListView.swift */; };
		A3CA025B2D432A8700A9752B /* SearchResultListDataSource.swift in Sources */ = {isa = PBXBuildFile; fileRef = A3CA025A2D432A8700A9752B /* SearchResultListDataSource.swift */; };
		A3CF88D12D18E61B000ACDF3 /* APIResponse.swift in Sources */ = {isa = PBXBuildFile; fileRef = A3CF88D02D18E61B000ACDF3 /* APIResponse.swift */; };
		A3CF88D32D18E6BB000ACDF3 /* ParentKeyPath.swift in Sources */ = {isa = PBXBuildFile; fileRef = A3CF88D22D18E6BB000ACDF3 /* ParentKeyPath.swift */; };
		A3CF88D92D192177000ACDF3 /* CourseAPI.swift in Sources */ = {isa = PBXBuildFile; fileRef = A3CF88D82D192177000ACDF3 /* CourseAPI.swift */; };
		A3CF88DB2D192194000ACDF3 /* EnrollmentAPI.swift in Sources */ = {isa = PBXBuildFile; fileRef = A3CF88DA2D192194000ACDF3 /* EnrollmentAPI.swift */; };
		A3CF88DD2D1921A7000ACDF3 /* QuizAPI.swift in Sources */ = {isa = PBXBuildFile; fileRef = A3CF88DC2D1921A7000ACDF3 /* QuizAPI.swift */; };
		A3CF88DF2D1921B5000ACDF3 /* FileAPI.swift in Sources */ = {isa = PBXBuildFile; fileRef = A3CF88DE2D1921B5000ACDF3 /* FileAPI.swift */; };
		A3CF88E12D1921C3000ACDF3 /* AnnouncementAPI.swift in Sources */ = {isa = PBXBuildFile; fileRef = A3CF88E02D1921C3000ACDF3 /* AnnouncementAPI.swift */; };
		A3CF88E32D1921CB000ACDF3 /* FolderAPI.swift in Sources */ = {isa = PBXBuildFile; fileRef = A3CF88E22D1921CB000ACDF3 /* FolderAPI.swift */; };
		A3D022592D6A5BC500F8068C /* Data+Empty.swift in Sources */ = {isa = PBXBuildFile; fileRef = A3D022582D6A5BC500F8068C /* Data+Empty.swift */; };
		A3D0225D2D6A711900F8068C /* GetPagesRequest.swift in Sources */ = {isa = PBXBuildFile; fileRef = A3D0225C2D6A711900F8068C /* GetPagesRequest.swift */; };
		A3D161472D169C0A004055FB /* APIRequest+Network.swift in Sources */ = {isa = PBXBuildFile; fileRef = A3D161462D169C0A004055FB /* APIRequest+Network.swift */; };
		A3D161492D169C23004055FB /* CacheableAPIRequest+Storage.swift in Sources */ = {isa = PBXBuildFile; fileRef = A3D161482D169C23004055FB /* CacheableAPIRequest+Storage.swift */; };
		A3D1614D2D16ACB8004055FB /* CacheableAPIRequest+Sync.swift in Sources */ = {isa = PBXBuildFile; fileRef = A3D1614C2D16ACB8004055FB /* CacheableAPIRequest+Sync.swift */; };
		A3D1614F2D1784E3004055FB /* GetUserRequest.swift in Sources */ = {isa = PBXBuildFile; fileRef = A3D1614E2D1784E3004055FB /* GetUserRequest.swift */; };
		A3D161512D178615004055FB /* GetUserProfileRequest.swift in Sources */ = {isa = PBXBuildFile; fileRef = A3D161502D178615004055FB /* GetUserProfileRequest.swift */; };
		A3E7F3892C954E0500DC4300 /* CanvasRequest.swift in Sources */ = {isa = PBXBuildFile; fileRef = A3E7F3882C954E0500DC4300 /* CanvasRequest.swift */; };
		A3E7F38B2C9555B200DC4300 /* CanvasService.swift in Sources */ = {isa = PBXBuildFile; fileRef = A3E7F38A2C9555B200DC4300 /* CanvasService.swift */; };
		A3E7F38F2C96C1CE00DC4300 /* CourseTabsView.swift in Sources */ = {isa = PBXBuildFile; fileRef = A3E7F38E2C96C1CE00DC4300 /* CourseTabsView.swift */; };
		A3E7F3912C99317100DC4300 /* CourseTabsManager.swift in Sources */ = {isa = PBXBuildFile; fileRef = A3E7F3902C99317100DC4300 /* CourseTabsManager.swift */; };
		A3E7F3932C99338B00DC4300 /* TabAPI.swift in Sources */ = {isa = PBXBuildFile; fileRef = A3E7F3922C99338B00DC4300 /* TabAPI.swift */; };
		A3FFD03A2CDEC2AC006BAB51 /* LookupCondition.swift in Sources */ = {isa = PBXBuildFile; fileRef = A3FFD0392CDEC2AC006BAB51 /* LookupCondition.swift */; };
		A3FFD03C2CDED67C006BAB51 /* String+Numbers.swift in Sources */ = {isa = PBXBuildFile; fileRef = A3FFD03B2CDED67C006BAB51 /* String+Numbers.swift */; };
		A3FFD03E2CE0065A006BAB51 /* NetworkError.swift in Sources */ = {isa = PBXBuildFile; fileRef = A3FFD03D2CE0065A006BAB51 /* NetworkError.swift */; };
		B533C0BE2CADDDE700A74AF6 /* PeopleCommonView.swift in Sources */ = {isa = PBXBuildFile; fileRef = B533C0BD2CADDDE700A74AF6 /* PeopleCommonView.swift */; };
		B53D95A02CA0953900647EE9 /* PeopleManager.swift in Sources */ = {isa = PBXBuildFile; fileRef = B53D959F2CA0952F00647EE9 /* PeopleManager.swift */; };
		B53D95A22CA0A22A00647EE9 /* PeopleView.swift in Sources */ = {isa = PBXBuildFile; fileRef = B53D95A12CA0A22A00647EE9 /* PeopleView.swift */; };
		B5894F112D6EBD8C00E8F527 /* PageAPI.swift in Sources */ = {isa = PBXBuildFile; fileRef = B5894F0E2D6EBD8C00E8F527 /* PageAPI.swift */; };
		B5894F122D6EBD8C00E8F527 /* PagesListView.swift in Sources */ = {isa = PBXBuildFile; fileRef = B5894F102D6EBD8C00E8F527 /* PagesListView.swift */; };
		B5894F132D6EBD8C00E8F527 /* Page.swift in Sources */ = {isa = PBXBuildFile; fileRef = B5894F0D2D6EBD8C00E8F527 /* Page.swift */; };
		B5894F172D6EBEA100E8F527 /* PagesManager.swift in Sources */ = {isa = PBXBuildFile; fileRef = B5894F162D6EBEA100E8F527 /* PagesManager.swift */; };
		B5894F192D6EC56000E8F527 /* PageView.swift in Sources */ = {isa = PBXBuildFile; fileRef = B5894F182D6EC56000E8F527 /* PageView.swift */; };
		B72EA5702D5689B20013070E /* QuickLookPreview.swift in Sources */ = {isa = PBXBuildFile; fileRef = B72EA56F2D5689B20013070E /* QuickLookPreview.swift */; };
		B73AE0BD2D4FB68B007094A8 /* Profile.swift in Sources */ = {isa = PBXBuildFile; fileRef = B73AE0BC2D4FB68B007094A8 /* Profile.swift */; };
		B74688A32D63DB59007A27FD /* Assignment.swift in Sources */ = {isa = PBXBuildFile; fileRef = B74688A22D63DB59007A27FD /* Assignment.swift */; };
		B76454FE2C8DF61B002DF00E /* Course.swift in Sources */ = {isa = PBXBuildFile; fileRef = B76454ED2C8DF61B002DF00E /* Course.swift */; };
		B76454FF2C8DF61B002DF00E /* Enrollment.swift in Sources */ = {isa = PBXBuildFile; fileRef = B76454EE2C8DF61B002DF00E /* Enrollment.swift */; };
		B76455002C8DF61B002DF00E /* File.swift in Sources */ = {isa = PBXBuildFile; fileRef = B76454EF2C8DF61B002DF00E /* File.swift */; };
		B76455012C8DF61B002DF00E /* StorageKeys.swift in Sources */ = {isa = PBXBuildFile; fileRef = B76454F02C8DF61B002DF00E /* StorageKeys.swift */; };
		B76455022C8DF61B002DF00E /* CourseFilesView.swift in Sources */ = {isa = PBXBuildFile; fileRef = B76454F42C8DF61B002DF00E /* CourseFilesView.swift */; };
		B76455032C8DF61B002DF00E /* HomeView.swift in Sources */ = {isa = PBXBuildFile; fileRef = B76454F52C8DF61B002DF00E /* HomeView.swift */; };
		B76455042C8DF61B002DF00E /* CourseView.swift in Sources */ = {isa = PBXBuildFile; fileRef = B76454F62C8DF61B002DF00E /* CourseView.swift */; };
		B76455052C8DF61B002DF00E /* SetupView.swift in Sources */ = {isa = PBXBuildFile; fileRef = B76454F72C8DF61B002DF00E /* SetupView.swift */; };
		B76455062C8DF61B002DF00E /* CanvasPlusPlaygroundApp.swift in Sources */ = {isa = PBXBuildFile; fileRef = B76454FA2C8DF61B002DF00E /* CanvasPlusPlaygroundApp.swift */; };
		B76455072C8DF61B002DF00E /* CourseFileViewModel.swift in Sources */ = {isa = PBXBuildFile; fileRef = B76454FB2C8DF61B002DF00E /* CourseFileViewModel.swift */; };
		B76455082C8DF61B002DF00E /* CourseManager.swift in Sources */ = {isa = PBXBuildFile; fileRef = B76454FC2C8DF61B002DF00E /* CourseManager.swift */; };
		B76455092C8DF61B002DF00E /* Preview Assets.xcassets in Resources */ = {isa = PBXBuildFile; fileRef = B76454F22C8DF61B002DF00E /* Preview Assets.xcassets */; };
		B764550A2C8DF61B002DF00E /* Assets.xcassets in Resources */ = {isa = PBXBuildFile; fileRef = B76454F92C8DF61B002DF00E /* Assets.xcassets */; };
		B77FD0022D52A0D60049AA5E /* ProfileView.swift in Sources */ = {isa = PBXBuildFile; fileRef = B77FD0012D52A0D20049AA5E /* ProfileView.swift */; };
		B77FD0072D5309340049AA5E /* ProfilePicture.swift in Sources */ = {isa = PBXBuildFile; fileRef = B77FD0062D5309340049AA5E /* ProfilePicture.swift */; };
		B785BE652CF592710094BF94 /* LLM in Frameworks */ = {isa = PBXBuildFile; productRef = B785BE642CF592710094BF94 /* LLM */; };
		B7926D162CE95CED00BFFBE1 /* RGBColors.swift in Sources */ = {isa = PBXBuildFile; fileRef = B7926D152CE95CE900BFFBE1 /* RGBColors.swift */; };
		B7A12F3F2D69441500EDFA0A /* GetAssignmentGroupsRequest.swift in Sources */ = {isa = PBXBuildFile; fileRef = B7A12F3E2D69440F00EDFA0A /* GetAssignmentGroupsRequest.swift */; };
		B7A12F462D69448300EDFA0A /* AssignmentGroup.swift in Sources */ = {isa = PBXBuildFile; fileRef = B7A12F452D69448300EDFA0A /* AssignmentGroup.swift */; };
		B7A12F482D69448C00EDFA0A /* AssignmentGroupAPI.swift in Sources */ = {isa = PBXBuildFile; fileRef = B7A12F472D69448C00EDFA0A /* AssignmentGroupAPI.swift */; };
		B7A26EE92CCB62A30084704A /* NavigationModel.swift in Sources */ = {isa = PBXBuildFile; fileRef = B7A26EE82CCB62A00084704A /* NavigationModel.swift */; };
		B7AD54F32CD41D7900FB09BB /* LLMEvaluator.swift in Sources */ = {isa = PBXBuildFile; fileRef = B7AD54F12CD41D7900FB09BB /* LLMEvaluator.swift */; };
		B7AD54F42CD41D7900FB09BB /* ModelConfiguration.swift in Sources */ = {isa = PBXBuildFile; fileRef = B7AD54F22CD41D7900FB09BB /* ModelConfiguration.swift */; };
		B7AD54F52CD41D7900FB09BB /* IntelligenceManager.swift in Sources */ = {isa = PBXBuildFile; fileRef = B7AD54EF2CD41D7900FB09BB /* IntelligenceManager.swift */; };
		B7AD54F62CD41D7900FB09BB /* DeviceStat.swift in Sources */ = {isa = PBXBuildFile; fileRef = B7AD54F02CD41D7900FB09BB /* DeviceStat.swift */; };
		B7AD550C2CD4257B00FB09BB /* IntelligenceOnboardingView.swift in Sources */ = {isa = PBXBuildFile; fileRef = B7AD550B2CD4257400FB09BB /* IntelligenceOnboardingView.swift */; };
		B7C0A3BD2D2F1F2E003E5A36 /* PinnedItemsManager.swift in Sources */ = {isa = PBXBuildFile; fileRef = B7C0A3BC2D2F1F25003E5A36 /* PinnedItemsManager.swift */; };
		B7C0A3BF2D2F2251003E5A36 /* PinnedItemsView.swift in Sources */ = {isa = PBXBuildFile; fileRef = B7C0A3BE2D2F224C003E5A36 /* PinnedItemsView.swift */; };
		B7C0A3C52D2F4C19003E5A36 /* GetAssignmentRequest.swift in Sources */ = {isa = PBXBuildFile; fileRef = B7C0A3C42D2F4C11003E5A36 /* GetAssignmentRequest.swift */; };
		B7C0A3C72D2F4E82003E5A36 /* GetFileRequest.swift in Sources */ = {isa = PBXBuildFile; fileRef = B7C0A3C62D2F4E82003E5A36 /* GetFileRequest.swift */; };
		B7C0A3C92D2F87EC003E5A36 /* AsyncView.swift in Sources */ = {isa = PBXBuildFile; fileRef = B7C0A3C82D2F87E9003E5A36 /* AsyncView.swift */; };
		B7C0A3CB2D2F919F003E5A36 /* PinButton.swift in Sources */ = {isa = PBXBuildFile; fileRef = B7C0A3CA2D2F919F003E5A36 /* PinButton.swift */; };
		B7C0A3CD2D3023CA003E5A36 /* PinnedItem.swift in Sources */ = {isa = PBXBuildFile; fileRef = B7C0A3CC2D3023CA003E5A36 /* PinnedItem.swift */; };
		B7C0A3CF2D31F339003E5A36 /* PinnedItemCard.swift in Sources */ = {isa = PBXBuildFile; fileRef = B7C0A3CE2D31F339003E5A36 /* PinnedItemCard.swift */; };
		B7D7512B2D3D5D8000F7B8B8 /* AllAnnouncementsView.swift in Sources */ = {isa = PBXBuildFile; fileRef = B7D7512A2D3D5D7700F7B8B8 /* AllAnnouncementsView.swift */; };
		B7D7512D2D3D652300F7B8B8 /* GetAnnouncementsBatchRequest.swift in Sources */ = {isa = PBXBuildFile; fileRef = B7D7512C2D3D652300F7B8B8 /* GetAnnouncementsBatchRequest.swift */; };
		B7D7512F2D3D660B00F7B8B8 /* AllAnnouncementsManager.swift in Sources */ = {isa = PBXBuildFile; fileRef = B7D7512E2D3D660B00F7B8B8 /* AllAnnouncementsManager.swift */; };
		B7D751312D3D688C00F7B8B8 /* AnnouncementRow.swift in Sources */ = {isa = PBXBuildFile; fileRef = B7D751302D3D688C00F7B8B8 /* AnnouncementRow.swift */; };
		B7D95D772D07C3D3002AD955 /* ICSParser.swift in Sources */ = {isa = PBXBuildFile; fileRef = B7D95D762D07C3D3002AD955 /* ICSParser.swift */; };
		B7D95DB72D0A8D78002AD955 /* SettingsView.swift in Sources */ = {isa = PBXBuildFile; fileRef = B7D95DB62D0A8D75002AD955 /* SettingsView.swift */; };
		B7E59A102D2002A5001836FE /* Sidebar.swift in Sources */ = {isa = PBXBuildFile; fileRef = B7E59A0F2D2002A3001836FE /* Sidebar.swift */; };
		B7E59A122D20046B001836FE /* SidebarTile.swift in Sources */ = {isa = PBXBuildFile; fileRef = B7E59A112D20046B001836FE /* SidebarTile.swift */; };
		B7E59A142D2004A4001836FE /* CourseListCell.swift in Sources */ = {isa = PBXBuildFile; fileRef = B7E59A132D2004A4001836FE /* CourseListCell.swift */; };
		B7E59A162D200775001836FE /* CourseDetailView.swift in Sources */ = {isa = PBXBuildFile; fileRef = B7E59A152D20076E001836FE /* CourseDetailView.swift */; };
		B7F950322D118EAF004BB470 /* String+StripHTML.swift in Sources */ = {isa = PBXBuildFile; fileRef = B7F950312D118EAA004BB470 /* String+StripHTML.swift */; };
		B7F950342D11A00F004BB470 /* StatusToolbarItem.swift in Sources */ = {isa = PBXBuildFile; fileRef = B7F950332D11A00F004BB470 /* StatusToolbarItem.swift */; };
		B7F950372D127869004BB470 /* ProfileManager.swift in Sources */ = {isa = PBXBuildFile; fileRef = B7F950362D127861004BB470 /* ProfileManager.swift */; };
		B7F950392D1279A1004BB470 /* UserAPI.swift in Sources */ = {isa = PBXBuildFile; fileRef = B7F950382D1279A1004BB470 /* UserAPI.swift */; };
		B7F9503B2D127AD0004BB470 /* ProfileAPI.swift in Sources */ = {isa = PBXBuildFile; fileRef = B7F9503A2D127AD0004BB470 /* ProfileAPI.swift */; };
		B7F9503D2D12ADAE004BB470 /* SubmissionAPI.swift in Sources */ = {isa = PBXBuildFile; fileRef = B7F9503C2D12ADAE004BB470 /* SubmissionAPI.swift */; };
/* End PBXBuildFile section */

/* Begin PBXFileReference section */
		192EC0472C963ACB00AF8528 /* CourseAssignmentManager.swift */ = {isa = PBXFileReference; lastKnownFileType = sourcecode.swift; path = CourseAssignmentManager.swift; sourceTree = "<group>"; };
		192EC0492C963B9000AF8528 /* AssignmentAPI.swift */ = {isa = PBXFileReference; lastKnownFileType = sourcecode.swift; path = AssignmentAPI.swift; sourceTree = "<group>"; };
		192EC04B2C963EE600AF8528 /* CourseAssignmentsView.swift */ = {isa = PBXFileReference; lastKnownFileType = sourcecode.swift; path = CourseAssignmentsView.swift; sourceTree = "<group>"; };
		3DAE84FD2C9A0CE8008C22E7 /* CoursePDFView.swift */ = {isa = PBXFileReference; lastKnownFileType = sourcecode.swift; path = CoursePDFView.swift; sourceTree = "<group>"; };
		3DAE84FF2C9A0E4F008C22E7 /* BridgedPDFView.swift */ = {isa = PBXFileReference; lastKnownFileType = sourcecode.swift; path = BridgedPDFView.swift; sourceTree = "<group>"; };
		7F8535732C98DE3C0023E384 /* CourseGradeView.swift */ = {isa = PBXFileReference; lastKnownFileType = sourcecode.swift; path = CourseGradeView.swift; sourceTree = "<group>"; };
		95BA93472C9CE20D00137A91 /* CalendarView.swift */ = {isa = PBXFileReference; lastKnownFileType = sourcecode.swift; path = CalendarView.swift; sourceTree = "<group>"; };
		9A977E822D6C322F001D7F0A /* LoggerService.swift */ = {isa = PBXFileReference; lastKnownFileType = sourcecode.swift; path = LoggerService.swift; sourceTree = "<group>"; };
		9A977E8A2D6C375E001D7F0A /* ColorPickerSheet.swift */ = {isa = PBXFileReference; lastKnownFileType = sourcecode.swift; path = ColorPickerSheet.swift; sourceTree = "<group>"; };
		9B07E7112D779CA500359B69 /* Date+RelativeDates.swift */ = {isa = PBXFileReference; lastKnownFileType = sourcecode.swift; path = "Date+RelativeDates.swift"; sourceTree = "<group>"; };
		9B0C193F2D78E461002ABEFC /* AssignmentSubmissionView.swift */ = {isa = PBXFileReference; lastKnownFileType = sourcecode.swift; path = AssignmentSubmissionView.swift; sourceTree = "<group>"; };
		9B350F072C9652C6003FC60D /* NSAttributedString+HTML.swift */ = {isa = PBXFileReference; lastKnownFileType = sourcecode.swift; path = "NSAttributedString+HTML.swift"; sourceTree = "<group>"; };
		9B6663E22C9853BC0060990E /* HTMLTextView.swift */ = {isa = PBXFileReference; lastKnownFileType = sourcecode.swift; path = HTMLTextView.swift; sourceTree = "<group>"; };
		9B69FA4A2CC2CC7F006101F3 /* AggregatedAssignmentsView.swift */ = {isa = PBXFileReference; lastKnownFileType = sourcecode.swift; path = AggregatedAssignmentsView.swift; sourceTree = "<group>"; };
		9B69FA4C2CC2CCB1006101F3 /* AggregatedAssignmentsViewModel.swift */ = {isa = PBXFileReference; lastKnownFileType = sourcecode.swift; path = AggregatedAssignmentsViewModel.swift; sourceTree = "<group>"; };
		9B69FA4E2CC2CCCF006101F3 /* AggregatedAssignmentsListCell.swift */ = {isa = PBXFileReference; lastKnownFileType = sourcecode.swift; path = AggregatedAssignmentsListCell.swift; sourceTree = "<group>"; };
		9B6D4F7F2D6E48340033044F /* ReminderButton.swift */ = {isa = PBXFileReference; lastKnownFileType = sourcecode.swift; path = ReminderButton.swift; sourceTree = "<group>"; };
		9B762BC82D7BF8E70051F1F6 /* SubmitAssignmentRequest.swift */ = {isa = PBXFileReference; lastKnownFileType = sourcecode.swift; path = SubmitAssignmentRequest.swift; sourceTree = "<group>"; };
		9B92A4222C93853C00C21CFC /* Announcement.swift */ = {isa = PBXFileReference; lastKnownFileType = sourcecode.swift; path = Announcement.swift; sourceTree = "<group>"; };
		9B92A4242C93856100C21CFC /* CourseAnnouncementManager.swift */ = {isa = PBXFileReference; lastKnownFileType = sourcecode.swift; path = CourseAnnouncementManager.swift; sourceTree = "<group>"; };
		9B9C2E032C93F6CD00E4B16B /* CourseAnnouncementsView.swift */ = {isa = PBXFileReference; lastKnownFileType = sourcecode.swift; path = CourseAnnouncementsView.swift; sourceTree = "<group>"; };
		9B9C2E052C93F94C00E4B16B /* CourseAnnouncementDetailView.swift */ = {isa = PBXFileReference; lastKnownFileType = sourcecode.swift; path = CourseAnnouncementDetailView.swift; sourceTree = "<group>"; };
		9BA7C0F62D62DC92000F2918 /* PinnedItemDetailView.swift */ = {isa = PBXFileReference; lastKnownFileType = sourcecode.swift; path = PinnedItemDetailView.swift; sourceTree = "<group>"; };
		9BEB4ECF2D56AF570013869D /* AssignmentDetailView.swift */ = {isa = PBXFileReference; lastKnownFileType = sourcecode.swift; path = AssignmentDetailView.swift; sourceTree = "<group>"; };
		9BF228C72D6CD1EB000676F2 /* RemindersManager.swift */ = {isa = PBXFileReference; lastKnownFileType = sourcecode.swift; path = RemindersManager.swift; sourceTree = "<group>"; };
		A301EE082D61137400D71139 /* MarkCourseDiscussionTopicReadRequest.swift */ = {isa = PBXFileReference; lastKnownFileType = sourcecode.swift; path = MarkCourseDiscussionTopicReadRequest.swift; sourceTree = "<group>"; };
		A301EE0A2D61148C00D71139 /* MarkCourseDiscussionTopicUnreadRequest.swift */ = {isa = PBXFileReference; lastKnownFileType = sourcecode.swift; path = MarkCourseDiscussionTopicUnreadRequest.swift; sourceTree = "<group>"; };
		A301EE0C2D612E7100D71139 /* DiscussionTopicAPI.swift */ = {isa = PBXFileReference; lastKnownFileType = sourcecode.swift; path = DiscussionTopicAPI.swift; sourceTree = "<group>"; };
		A301EE0E2D612EA800D71139 /* DiscussionTopic.swift */ = {isa = PBXFileReference; lastKnownFileType = sourcecode.swift; path = DiscussionTopic.swift; sourceTree = "<group>"; };
		A301EE122D614A4100D71139 /* GetDiscussionTopicsRequest.swift */ = {isa = PBXFileReference; lastKnownFileType = sourcecode.swift; path = GetDiscussionTopicsRequest.swift; sourceTree = "<group>"; };
		A3049B522D0E5241002F3166 /* Quiz.swift */ = {isa = PBXFileReference; lastKnownFileType = sourcecode.swift; path = Quiz.swift; sourceTree = "<group>"; };
		A3049B552D0E541D002F3166 /* QuizType.swift */ = {isa = PBXFileReference; lastKnownFileType = sourcecode.swift; path = QuizType.swift; sourceTree = "<group>"; };
		A3049B582D0E5A96002F3166 /* LockInfo.swift */ = {isa = PBXFileReference; lastKnownFileType = sourcecode.swift; path = LockInfo.swift; sourceTree = "<group>"; };
		A3049B5A2D0E5C18002F3166 /* QuizPermissions.swift */ = {isa = PBXFileReference; lastKnownFileType = sourcecode.swift; path = QuizPermissions.swift; sourceTree = "<group>"; };
		A3049B5C2D0E5D5A002F3166 /* APIAssignmentDate.swift */ = {isa = PBXFileReference; lastKnownFileType = sourcecode.swift; path = APIAssignmentDate.swift; sourceTree = "<group>"; };
		A3049B5E2D0E6044002F3166 /* QuizHideResults.swift */ = {isa = PBXFileReference; lastKnownFileType = sourcecode.swift; path = QuizHideResults.swift; sourceTree = "<group>"; };
		A3049B602D0E6110002F3166 /* QuizQuestionType.swift */ = {isa = PBXFileReference; lastKnownFileType = sourcecode.swift; path = QuizQuestionType.swift; sourceTree = "<group>"; };
		A3049B622D0E6154002F3166 /* ScoringPolicy.swift */ = {isa = PBXFileReference; lastKnownFileType = sourcecode.swift; path = ScoringPolicy.swift; sourceTree = "<group>"; };
		A3049B652D0F3E32002F3166 /* CourseQuizzesView.swift */ = {isa = PBXFileReference; lastKnownFileType = sourcecode.swift; path = CourseQuizzesView.swift; sourceTree = "<group>"; };
		A3049B672D0F3ECA002F3166 /* QuizzesViewModel.swift */ = {isa = PBXFileReference; lastKnownFileType = sourcecode.swift; path = QuizzesViewModel.swift; sourceTree = "<group>"; };
		A3049B712D125509002F3166 /* APIRequest.swift */ = {isa = PBXFileReference; lastKnownFileType = sourcecode.swift; path = APIRequest.swift; sourceTree = "<group>"; };
		A3049B742D15DC1C002F3166 /* GetCoursesRequest.swift */ = {isa = PBXFileReference; lastKnownFileType = sourcecode.swift; path = GetCoursesRequest.swift; sourceTree = "<group>"; };
		A3049B762D15DC36002F3166 /* GetCourseRequest.swift */ = {isa = PBXFileReference; lastKnownFileType = sourcecode.swift; path = GetCourseRequest.swift; sourceTree = "<group>"; };
		A3049B782D15E162002F3166 /* GetCourseRootFolderRequest.swift */ = {isa = PBXFileReference; lastKnownFileType = sourcecode.swift; path = GetCourseRootFolderRequest.swift; sourceTree = "<group>"; };
		A3049B7A2D15E2B7002F3166 /* GetFilesInFolderRequest.swift */ = {isa = PBXFileReference; lastKnownFileType = sourcecode.swift; path = GetFilesInFolderRequest.swift; sourceTree = "<group>"; };
		A3049B7C2D160299002F3166 /* GetFoldersInFolderRequest.swift */ = {isa = PBXFileReference; lastKnownFileType = sourcecode.swift; path = GetFoldersInFolderRequest.swift; sourceTree = "<group>"; };
		A3049B7E2D160C03002F3166 /* GetTabsRequest.swift */ = {isa = PBXFileReference; lastKnownFileType = sourcecode.swift; path = GetTabsRequest.swift; sourceTree = "<group>"; };
		A3049B802D160F6B002F3166 /* GetAnnouncementsRequest.swift */ = {isa = PBXFileReference; lastKnownFileType = sourcecode.swift; path = GetAnnouncementsRequest.swift; sourceTree = "<group>"; };
		A3049B822D161432002F3166 /* GetAssignmentsRequest.swift */ = {isa = PBXFileReference; lastKnownFileType = sourcecode.swift; path = GetAssignmentsRequest.swift; sourceTree = "<group>"; };
		A3049B842D161455002F3166 /* GetEnrollmentsRequest.swift */ = {isa = PBXFileReference; lastKnownFileType = sourcecode.swift; path = GetEnrollmentsRequest.swift; sourceTree = "<group>"; };
		A3049B862D16146D002F3166 /* GetQuizzesRequest.swift */ = {isa = PBXFileReference; lastKnownFileType = sourcecode.swift; path = GetQuizzesRequest.swift; sourceTree = "<group>"; };
		A306ED102CEAC09E00556D1E /* Folder.swift */ = {isa = PBXFileReference; lastKnownFileType = sourcecode.swift; path = Folder.swift; sourceTree = "<group>"; };
		A31A81E62D0CCB69003C37EB /* GradesViewModel.swift */ = {isa = PBXFileReference; lastKnownFileType = sourcecode.swift; path = GradesViewModel.swift; sourceTree = "<group>"; };
		A324BA632D07AF0B005F53FA /* CourseFileService.swift */ = {isa = PBXFileReference; lastKnownFileType = sourcecode.swift; path = CourseFileService.swift; sourceTree = "<group>"; };
		A324BA652D07AFD5005F53FA /* FileType.swift */ = {isa = PBXFileReference; lastKnownFileType = sourcecode.swift; path = FileType.swift; sourceTree = "<group>"; };
		A324BA672D07C2E9005F53FA /* FileViewer.swift */ = {isa = PBXFileReference; lastKnownFileType = sourcecode.swift; path = FileViewer.swift; sourceTree = "<group>"; };
		A324BA692D0817AB005F53FA /* FoldersPageView.swift */ = {isa = PBXFileReference; lastKnownFileType = sourcecode.swift; path = FoldersPageView.swift; sourceTree = "<group>"; };
		A3269E8D2CD5533F006F7D14 /* CanvasRepository.swift */ = {isa = PBXFileReference; lastKnownFileType = sourcecode.swift; path = CanvasRepository.swift; sourceTree = "<group>"; };
		A3269E8F2CD57F75006F7D14 /* Cacheable.swift */ = {isa = PBXFileReference; lastKnownFileType = sourcecode.swift; path = Cacheable.swift; sourceTree = "<group>"; };
		A351913E2D283556001E415F /* ModulesListView.swift */ = {isa = PBXFileReference; lastKnownFileType = sourcecode.swift; path = ModulesListView.swift; sourceTree = "<group>"; };
		A35191402D283589001E415F /* ModulesViewModel.swift */ = {isa = PBXFileReference; lastKnownFileType = sourcecode.swift; path = ModulesViewModel.swift; sourceTree = "<group>"; };
		A35191422D28ED48001E415F /* GetModuleItemsRequest.swift */ = {isa = PBXFileReference; lastKnownFileType = sourcecode.swift; path = GetModuleItemsRequest.swift; sourceTree = "<group>"; };
		A352AD172D3DA423007EE6FC /* LoadingMethod.swift */ = {isa = PBXFileReference; lastKnownFileType = sourcecode.swift; path = LoadingMethod.swift; sourceTree = "<group>"; };
		A352AD192D3EF1C1007EE6FC /* GetCourseUsersRequest.swift */ = {isa = PBXFileReference; lastKnownFileType = sourcecode.swift; path = GetCourseUsersRequest.swift; sourceTree = "<group>"; };
		A352AD1B2D3EF206007EE6FC /* User.swift */ = {isa = PBXFileReference; lastKnownFileType = sourcecode.swift; path = User.swift; sourceTree = "<group>"; };
		A373DC0C2D19F65700215019 /* APIGradingPeriod.swift */ = {isa = PBXFileReference; lastKnownFileType = sourcecode.swift; path = APIGradingPeriod.swift; sourceTree = "<group>"; };
		A373DC0E2D19F71600215019 /* TypeSafeCodable.swift */ = {isa = PBXFileReference; lastKnownFileType = sourcecode.swift; path = TypeSafeCodable.swift; sourceTree = "<group>"; };
		A373DC132D19FA2A00215019 /* APICourseSection.swift */ = {isa = PBXFileReference; lastKnownFileType = sourcecode.swift; path = APICourseSection.swift; sourceTree = "<group>"; };
		A373DC152D1A3C8700215019 /* RequestMethod.swift */ = {isa = PBXFileReference; lastKnownFileType = sourcecode.swift; path = RequestMethod.swift; sourceTree = "<group>"; };
		A373DC222D1D454000215019 /* APIGradingSchemeEntry.swift */ = {isa = PBXFileReference; lastKnownFileType = sourcecode.swift; path = APIGradingSchemeEntry.swift; sourceTree = "<group>"; };
		A373DC242D1D4BEC00215019 /* APIQuizSubmission.swift */ = {isa = PBXFileReference; lastKnownFileType = sourcecode.swift; path = APIQuizSubmission.swift; sourceTree = "<group>"; };
		A373DC262D1D4C4A00215019 /* QuizSubmissionWorkflowState.swift */ = {isa = PBXFileReference; lastKnownFileType = sourcecode.swift; path = QuizSubmissionWorkflowState.swift; sourceTree = "<group>"; };
		A373DC2A2D23EB3D00215019 /* Submission.swift */ = {isa = PBXFileReference; lastKnownFileType = sourcecode.swift; path = Submission.swift; sourceTree = "<group>"; };
		A373DC2C2D28172E00215019 /* GetModulesRequest.swift */ = {isa = PBXFileReference; lastKnownFileType = sourcecode.swift; path = GetModulesRequest.swift; sourceTree = "<group>"; };
		A373DC302D28176100215019 /* APIModule.swift */ = {isa = PBXFileReference; lastKnownFileType = sourcecode.swift; path = APIModule.swift; sourceTree = "<group>"; };
		A373DC322D2819F700215019 /* APIModuleItem.swift */ = {isa = PBXFileReference; lastKnownFileType = sourcecode.swift; path = APIModuleItem.swift; sourceTree = "<group>"; };
		A373DC342D2824D700215019 /* Module.swift */ = {isa = PBXFileReference; lastKnownFileType = sourcecode.swift; path = Module.swift; sourceTree = "<group>"; };
		A373DC362D28285300215019 /* ModuleItem.swift */ = {isa = PBXFileReference; lastKnownFileType = sourcecode.swift; path = ModuleItem.swift; sourceTree = "<group>"; };
		A3CA02582D43294B00A9752B /* SearchResultsListView.swift */ = {isa = PBXFileReference; lastKnownFileType = sourcecode.swift; path = SearchResultsListView.swift; sourceTree = "<group>"; };
		A3CA025A2D432A8700A9752B /* SearchResultListDataSource.swift */ = {isa = PBXFileReference; lastKnownFileType = sourcecode.swift; path = SearchResultListDataSource.swift; sourceTree = "<group>"; };
		A3CF88D02D18E61B000ACDF3 /* APIResponse.swift */ = {isa = PBXFileReference; lastKnownFileType = sourcecode.swift; path = APIResponse.swift; sourceTree = "<group>"; };
		A3CF88D22D18E6BB000ACDF3 /* ParentKeyPath.swift */ = {isa = PBXFileReference; lastKnownFileType = sourcecode.swift; path = ParentKeyPath.swift; sourceTree = "<group>"; };
		A3CF88D82D192177000ACDF3 /* CourseAPI.swift */ = {isa = PBXFileReference; lastKnownFileType = sourcecode.swift; path = CourseAPI.swift; sourceTree = "<group>"; };
		A3CF88DA2D192194000ACDF3 /* EnrollmentAPI.swift */ = {isa = PBXFileReference; lastKnownFileType = sourcecode.swift; path = EnrollmentAPI.swift; sourceTree = "<group>"; };
		A3CF88DC2D1921A7000ACDF3 /* QuizAPI.swift */ = {isa = PBXFileReference; lastKnownFileType = sourcecode.swift; path = QuizAPI.swift; sourceTree = "<group>"; };
		A3CF88DE2D1921B5000ACDF3 /* FileAPI.swift */ = {isa = PBXFileReference; lastKnownFileType = sourcecode.swift; path = FileAPI.swift; sourceTree = "<group>"; };
		A3CF88E02D1921C3000ACDF3 /* AnnouncementAPI.swift */ = {isa = PBXFileReference; lastKnownFileType = sourcecode.swift; path = AnnouncementAPI.swift; sourceTree = "<group>"; };
		A3CF88E22D1921CB000ACDF3 /* FolderAPI.swift */ = {isa = PBXFileReference; lastKnownFileType = sourcecode.swift; path = FolderAPI.swift; sourceTree = "<group>"; };
		A3D022582D6A5BC500F8068C /* Data+Empty.swift */ = {isa = PBXFileReference; lastKnownFileType = sourcecode.swift; path = "Data+Empty.swift"; sourceTree = "<group>"; };
		A3D0225C2D6A711900F8068C /* GetPagesRequest.swift */ = {isa = PBXFileReference; lastKnownFileType = sourcecode.swift; path = GetPagesRequest.swift; sourceTree = "<group>"; };
		A3D161462D169C0A004055FB /* APIRequest+Network.swift */ = {isa = PBXFileReference; lastKnownFileType = sourcecode.swift; path = "APIRequest+Network.swift"; sourceTree = "<group>"; };
		A3D161482D169C23004055FB /* CacheableAPIRequest+Storage.swift */ = {isa = PBXFileReference; lastKnownFileType = sourcecode.swift; path = "CacheableAPIRequest+Storage.swift"; sourceTree = "<group>"; };
		A3D1614C2D16ACB8004055FB /* CacheableAPIRequest+Sync.swift */ = {isa = PBXFileReference; lastKnownFileType = sourcecode.swift; path = "CacheableAPIRequest+Sync.swift"; sourceTree = "<group>"; };
		A3D1614E2D1784E3004055FB /* GetUserRequest.swift */ = {isa = PBXFileReference; lastKnownFileType = sourcecode.swift; path = GetUserRequest.swift; sourceTree = "<group>"; };
		A3D161502D178615004055FB /* GetUserProfileRequest.swift */ = {isa = PBXFileReference; lastKnownFileType = sourcecode.swift; path = GetUserProfileRequest.swift; sourceTree = "<group>"; };
		A3E7F3882C954E0500DC4300 /* CanvasRequest.swift */ = {isa = PBXFileReference; lastKnownFileType = sourcecode.swift; path = CanvasRequest.swift; sourceTree = "<group>"; };
		A3E7F38A2C9555B200DC4300 /* CanvasService.swift */ = {isa = PBXFileReference; lastKnownFileType = sourcecode.swift; path = CanvasService.swift; sourceTree = "<group>"; };
		A3E7F38E2C96C1CE00DC4300 /* CourseTabsView.swift */ = {isa = PBXFileReference; lastKnownFileType = sourcecode.swift; path = CourseTabsView.swift; sourceTree = "<group>"; };
		A3E7F3902C99317100DC4300 /* CourseTabsManager.swift */ = {isa = PBXFileReference; lastKnownFileType = sourcecode.swift; path = CourseTabsManager.swift; sourceTree = "<group>"; };
		A3E7F3922C99338B00DC4300 /* TabAPI.swift */ = {isa = PBXFileReference; lastKnownFileType = sourcecode.swift; path = TabAPI.swift; sourceTree = "<group>"; };
		A3FFD0392CDEC2AC006BAB51 /* LookupCondition.swift */ = {isa = PBXFileReference; lastKnownFileType = sourcecode.swift; path = LookupCondition.swift; sourceTree = "<group>"; };
		A3FFD03B2CDED67C006BAB51 /* String+Numbers.swift */ = {isa = PBXFileReference; lastKnownFileType = sourcecode.swift; path = "String+Numbers.swift"; sourceTree = "<group>"; };
		A3FFD03D2CE0065A006BAB51 /* NetworkError.swift */ = {isa = PBXFileReference; lastKnownFileType = sourcecode.swift; path = NetworkError.swift; sourceTree = "<group>"; };
		B533C0BD2CADDDE700A74AF6 /* PeopleCommonView.swift */ = {isa = PBXFileReference; lastKnownFileType = sourcecode.swift; path = PeopleCommonView.swift; sourceTree = "<group>"; };
		B53D959F2CA0952F00647EE9 /* PeopleManager.swift */ = {isa = PBXFileReference; lastKnownFileType = sourcecode.swift; path = PeopleManager.swift; sourceTree = "<group>"; };
		B53D95A12CA0A22A00647EE9 /* PeopleView.swift */ = {isa = PBXFileReference; lastKnownFileType = sourcecode.swift; path = PeopleView.swift; sourceTree = "<group>"; };
		B5894F0D2D6EBD8C00E8F527 /* Page.swift */ = {isa = PBXFileReference; lastKnownFileType = sourcecode.swift; path = Page.swift; sourceTree = "<group>"; };
		B5894F0E2D6EBD8C00E8F527 /* PageAPI.swift */ = {isa = PBXFileReference; lastKnownFileType = sourcecode.swift; path = PageAPI.swift; sourceTree = "<group>"; };
		B5894F102D6EBD8C00E8F527 /* PagesListView.swift */ = {isa = PBXFileReference; lastKnownFileType = sourcecode.swift; path = PagesListView.swift; sourceTree = "<group>"; };
		B5894F162D6EBEA100E8F527 /* PagesManager.swift */ = {isa = PBXFileReference; lastKnownFileType = sourcecode.swift; path = PagesManager.swift; sourceTree = "<group>"; };
		B5894F182D6EC56000E8F527 /* PageView.swift */ = {isa = PBXFileReference; lastKnownFileType = sourcecode.swift; path = PageView.swift; sourceTree = "<group>"; };
		B72EA56F2D5689B20013070E /* QuickLookPreview.swift */ = {isa = PBXFileReference; lastKnownFileType = sourcecode.swift; path = QuickLookPreview.swift; sourceTree = "<group>"; };
		B73AE0BC2D4FB68B007094A8 /* Profile.swift */ = {isa = PBXFileReference; lastKnownFileType = sourcecode.swift; path = Profile.swift; sourceTree = "<group>"; };
		B74688A22D63DB59007A27FD /* Assignment.swift */ = {isa = PBXFileReference; lastKnownFileType = sourcecode.swift; path = Assignment.swift; sourceTree = "<group>"; };
		B76454642C8BBC7F002DF00E /* CanvasPlusPlayground.app */ = {isa = PBXFileReference; explicitFileType = wrapper.application; includeInIndex = 0; path = CanvasPlusPlayground.app; sourceTree = BUILT_PRODUCTS_DIR; };
		B76454ED2C8DF61B002DF00E /* Course.swift */ = {isa = PBXFileReference; lastKnownFileType = sourcecode.swift; path = Course.swift; sourceTree = "<group>"; };
		B76454EE2C8DF61B002DF00E /* Enrollment.swift */ = {isa = PBXFileReference; lastKnownFileType = sourcecode.swift; path = Enrollment.swift; sourceTree = "<group>"; };
		B76454EF2C8DF61B002DF00E /* File.swift */ = {isa = PBXFileReference; lastKnownFileType = sourcecode.swift; path = File.swift; sourceTree = "<group>"; };
		B76454F02C8DF61B002DF00E /* StorageKeys.swift */ = {isa = PBXFileReference; lastKnownFileType = sourcecode.swift; path = StorageKeys.swift; sourceTree = "<group>"; };
		B76454F22C8DF61B002DF00E /* Preview Assets.xcassets */ = {isa = PBXFileReference; lastKnownFileType = folder.assetcatalog; path = "Preview Assets.xcassets"; sourceTree = "<group>"; };
		B76454F42C8DF61B002DF00E /* CourseFilesView.swift */ = {isa = PBXFileReference; lastKnownFileType = sourcecode.swift; path = CourseFilesView.swift; sourceTree = "<group>"; };
		B76454F52C8DF61B002DF00E /* HomeView.swift */ = {isa = PBXFileReference; lastKnownFileType = sourcecode.swift; path = HomeView.swift; sourceTree = "<group>"; };
		B76454F62C8DF61B002DF00E /* CourseView.swift */ = {isa = PBXFileReference; lastKnownFileType = sourcecode.swift; path = CourseView.swift; sourceTree = "<group>"; };
		B76454F72C8DF61B002DF00E /* SetupView.swift */ = {isa = PBXFileReference; lastKnownFileType = sourcecode.swift; path = SetupView.swift; sourceTree = "<group>"; };
		B76454F92C8DF61B002DF00E /* Assets.xcassets */ = {isa = PBXFileReference; lastKnownFileType = folder.assetcatalog; path = Assets.xcassets; sourceTree = "<group>"; };
		B76454FA2C8DF61B002DF00E /* CanvasPlusPlaygroundApp.swift */ = {isa = PBXFileReference; lastKnownFileType = sourcecode.swift; path = CanvasPlusPlaygroundApp.swift; sourceTree = "<group>"; };
		B76454FB2C8DF61B002DF00E /* CourseFileViewModel.swift */ = {isa = PBXFileReference; lastKnownFileType = sourcecode.swift; path = CourseFileViewModel.swift; sourceTree = "<group>"; };
		B76454FC2C8DF61B002DF00E /* CourseManager.swift */ = {isa = PBXFileReference; lastKnownFileType = sourcecode.swift; path = CourseManager.swift; sourceTree = "<group>"; };
		B77FD0012D52A0D20049AA5E /* ProfileView.swift */ = {isa = PBXFileReference; lastKnownFileType = sourcecode.swift; path = ProfileView.swift; sourceTree = "<group>"; };
		B77FD0062D5309340049AA5E /* ProfilePicture.swift */ = {isa = PBXFileReference; lastKnownFileType = sourcecode.swift; path = ProfilePicture.swift; sourceTree = "<group>"; };
		B7926D152CE95CE900BFFBE1 /* RGBColors.swift */ = {isa = PBXFileReference; lastKnownFileType = sourcecode.swift; path = RGBColors.swift; sourceTree = "<group>"; };
		B7A12F3E2D69440F00EDFA0A /* GetAssignmentGroupsRequest.swift */ = {isa = PBXFileReference; lastKnownFileType = sourcecode.swift; path = GetAssignmentGroupsRequest.swift; sourceTree = "<group>"; };
		B7A12F452D69448300EDFA0A /* AssignmentGroup.swift */ = {isa = PBXFileReference; lastKnownFileType = sourcecode.swift; path = AssignmentGroup.swift; sourceTree = "<group>"; };
		B7A12F472D69448C00EDFA0A /* AssignmentGroupAPI.swift */ = {isa = PBXFileReference; lastKnownFileType = sourcecode.swift; path = AssignmentGroupAPI.swift; sourceTree = "<group>"; };
		B7A26EE82CCB62A00084704A /* NavigationModel.swift */ = {isa = PBXFileReference; lastKnownFileType = sourcecode.swift; path = NavigationModel.swift; sourceTree = "<group>"; };
		B7AD54EF2CD41D7900FB09BB /* IntelligenceManager.swift */ = {isa = PBXFileReference; lastKnownFileType = sourcecode.swift; path = IntelligenceManager.swift; sourceTree = "<group>"; };
		B7AD54F02CD41D7900FB09BB /* DeviceStat.swift */ = {isa = PBXFileReference; lastKnownFileType = sourcecode.swift; path = DeviceStat.swift; sourceTree = "<group>"; };
		B7AD54F12CD41D7900FB09BB /* LLMEvaluator.swift */ = {isa = PBXFileReference; lastKnownFileType = sourcecode.swift; path = LLMEvaluator.swift; sourceTree = "<group>"; };
		B7AD54F22CD41D7900FB09BB /* ModelConfiguration.swift */ = {isa = PBXFileReference; lastKnownFileType = sourcecode.swift; path = ModelConfiguration.swift; sourceTree = "<group>"; };
		B7AD550B2CD4257400FB09BB /* IntelligenceOnboardingView.swift */ = {isa = PBXFileReference; lastKnownFileType = sourcecode.swift; path = IntelligenceOnboardingView.swift; sourceTree = "<group>"; };
		B7C0A3BC2D2F1F25003E5A36 /* PinnedItemsManager.swift */ = {isa = PBXFileReference; lastKnownFileType = sourcecode.swift; path = PinnedItemsManager.swift; sourceTree = "<group>"; };
		B7C0A3BE2D2F224C003E5A36 /* PinnedItemsView.swift */ = {isa = PBXFileReference; lastKnownFileType = sourcecode.swift; path = PinnedItemsView.swift; sourceTree = "<group>"; };
		B7C0A3C42D2F4C11003E5A36 /* GetAssignmentRequest.swift */ = {isa = PBXFileReference; lastKnownFileType = sourcecode.swift; path = GetAssignmentRequest.swift; sourceTree = "<group>"; };
		B7C0A3C62D2F4E82003E5A36 /* GetFileRequest.swift */ = {isa = PBXFileReference; lastKnownFileType = sourcecode.swift; path = GetFileRequest.swift; sourceTree = "<group>"; };
		B7C0A3C82D2F87E9003E5A36 /* AsyncView.swift */ = {isa = PBXFileReference; lastKnownFileType = sourcecode.swift; path = AsyncView.swift; sourceTree = "<group>"; };
		B7C0A3CA2D2F919F003E5A36 /* PinButton.swift */ = {isa = PBXFileReference; lastKnownFileType = sourcecode.swift; path = PinButton.swift; sourceTree = "<group>"; };
		B7C0A3CC2D3023CA003E5A36 /* PinnedItem.swift */ = {isa = PBXFileReference; lastKnownFileType = sourcecode.swift; path = PinnedItem.swift; sourceTree = "<group>"; };
		B7C0A3CE2D31F339003E5A36 /* PinnedItemCard.swift */ = {isa = PBXFileReference; lastKnownFileType = sourcecode.swift; path = PinnedItemCard.swift; sourceTree = "<group>"; };
		B7D7512A2D3D5D7700F7B8B8 /* AllAnnouncementsView.swift */ = {isa = PBXFileReference; lastKnownFileType = sourcecode.swift; path = AllAnnouncementsView.swift; sourceTree = "<group>"; };
		B7D7512C2D3D652300F7B8B8 /* GetAnnouncementsBatchRequest.swift */ = {isa = PBXFileReference; lastKnownFileType = sourcecode.swift; path = GetAnnouncementsBatchRequest.swift; sourceTree = "<group>"; };
		B7D7512E2D3D660B00F7B8B8 /* AllAnnouncementsManager.swift */ = {isa = PBXFileReference; lastKnownFileType = sourcecode.swift; path = AllAnnouncementsManager.swift; sourceTree = "<group>"; };
		B7D751302D3D688C00F7B8B8 /* AnnouncementRow.swift */ = {isa = PBXFileReference; lastKnownFileType = sourcecode.swift; path = AnnouncementRow.swift; sourceTree = "<group>"; };
		B7D95D762D07C3D3002AD955 /* ICSParser.swift */ = {isa = PBXFileReference; lastKnownFileType = sourcecode.swift; path = ICSParser.swift; sourceTree = "<group>"; };
		B7D95DB62D0A8D75002AD955 /* SettingsView.swift */ = {isa = PBXFileReference; lastKnownFileType = sourcecode.swift; path = SettingsView.swift; sourceTree = "<group>"; };
		B7E59A0F2D2002A3001836FE /* Sidebar.swift */ = {isa = PBXFileReference; lastKnownFileType = sourcecode.swift; path = Sidebar.swift; sourceTree = "<group>"; };
		B7E59A112D20046B001836FE /* SidebarTile.swift */ = {isa = PBXFileReference; lastKnownFileType = sourcecode.swift; path = SidebarTile.swift; sourceTree = "<group>"; };
		B7E59A132D2004A4001836FE /* CourseListCell.swift */ = {isa = PBXFileReference; lastKnownFileType = sourcecode.swift; path = CourseListCell.swift; sourceTree = "<group>"; };
		B7E59A152D20076E001836FE /* CourseDetailView.swift */ = {isa = PBXFileReference; lastKnownFileType = sourcecode.swift; path = CourseDetailView.swift; sourceTree = "<group>"; };
		B7F950312D118EAA004BB470 /* String+StripHTML.swift */ = {isa = PBXFileReference; lastKnownFileType = sourcecode.swift; path = "String+StripHTML.swift"; sourceTree = "<group>"; };
		B7F950332D11A00F004BB470 /* StatusToolbarItem.swift */ = {isa = PBXFileReference; lastKnownFileType = sourcecode.swift; path = StatusToolbarItem.swift; sourceTree = "<group>"; };
		B7F950362D127861004BB470 /* ProfileManager.swift */ = {isa = PBXFileReference; lastKnownFileType = sourcecode.swift; path = ProfileManager.swift; sourceTree = "<group>"; };
		B7F950382D1279A1004BB470 /* UserAPI.swift */ = {isa = PBXFileReference; lastKnownFileType = sourcecode.swift; path = UserAPI.swift; sourceTree = "<group>"; };
		B7F9503A2D127AD0004BB470 /* ProfileAPI.swift */ = {isa = PBXFileReference; lastKnownFileType = sourcecode.swift; path = ProfileAPI.swift; sourceTree = "<group>"; };
		B7F9503C2D12ADAE004BB470 /* SubmissionAPI.swift */ = {isa = PBXFileReference; lastKnownFileType = sourcecode.swift; path = SubmissionAPI.swift; sourceTree = "<group>"; };
/* End PBXFileReference section */

/* Begin PBXFileSystemSynchronizedRootGroup section */
		B5BFC9BA2D6A39F300EDF3B5 /* Models */ = {isa = PBXFileSystemSynchronizedRootGroup; explicitFileTypes = {}; explicitFolders = (); path = Models; sourceTree = "<group>"; };
/* End PBXFileSystemSynchronizedRootGroup section */

/* Begin PBXFrameworksBuildPhase section */
		B76454612C8BBC7F002DF00E /* Frameworks */ = {
			isa = PBXFrameworksBuildPhase;
			buildActionMask = 2147483647;
			files = (
				B785BE652CF592710094BF94 /* LLM in Frameworks */,
			);
			runOnlyForDeploymentPostprocessing = 0;
		};
/* End PBXFrameworksBuildPhase section */

/* Begin PBXGroup section */
		9B07E7142D77BF1700359B69 /* Recovered References */ = {
			isa = PBXGroup;
			children = (
				B5BFC9BA2D6A39F300EDF3B5 /* Models */,
			);
			name = "Recovered References";
			sourceTree = "<group>";
		};
		9BF228C62D6CD1DF000676F2 /* Reminders */ = {
			isa = PBXGroup;
			children = (
				9BF228C72D6CD1EB000676F2 /* RemindersManager.swift */,
				9B6D4F7F2D6E48340033044F /* ReminderButton.swift */,
			);
			path = Reminders;
			sourceTree = "<group>";
		};
		A3049B642D0F3E26002F3166 /* Quiz */ = {
			isa = PBXGroup;
			children = (
				A373DC1C2D1D2B1600215019 /* Models */,
				A3049B652D0F3E32002F3166 /* CourseQuizzesView.swift */,
				A3049B672D0F3ECA002F3166 /* QuizzesViewModel.swift */,
			);
			path = Quiz;
			sourceTree = "<group>";
		};
		A3049B732D15DBEE002F3166 /* API Requests */ = {
			isa = PBXGroup;
			children = (
				B7A12F3E2D69440F00EDFA0A /* GetAssignmentGroupsRequest.swift */,
				B7D7512C2D3D652300F7B8B8 /* GetAnnouncementsBatchRequest.swift */,
				A3049B762D15DC36002F3166 /* GetCourseRequest.swift */,
				A3049B742D15DC1C002F3166 /* GetCoursesRequest.swift */,
				A3049B782D15E162002F3166 /* GetCourseRootFolderRequest.swift */,
				B7C0A3C62D2F4E82003E5A36 /* GetFileRequest.swift */,
				A3049B7A2D15E2B7002F3166 /* GetFilesInFolderRequest.swift */,
				A3049B7C2D160299002F3166 /* GetFoldersInFolderRequest.swift */,
				A3049B7E2D160C03002F3166 /* GetTabsRequest.swift */,
				A3049B802D160F6B002F3166 /* GetAnnouncementsRequest.swift */,
				A3049B822D161432002F3166 /* GetAssignmentsRequest.swift */,
				B7C0A3C42D2F4C11003E5A36 /* GetAssignmentRequest.swift */,
				A3049B842D161455002F3166 /* GetEnrollmentsRequest.swift */,
				A3049B862D16146D002F3166 /* GetQuizzesRequest.swift */,
				A3D1614E2D1784E3004055FB /* GetUserRequest.swift */,
				A3D0225C2D6A711900F8068C /* GetPagesRequest.swift */,
				A3D161502D178615004055FB /* GetUserProfileRequest.swift */,
				A373DC2C2D28172E00215019 /* GetModulesRequest.swift */,
				A35191422D28ED48001E415F /* GetModuleItemsRequest.swift */,
				A352AD192D3EF1C1007EE6FC /* GetCourseUsersRequest.swift */,
				A301EE082D61137400D71139 /* MarkCourseDiscussionTopicReadRequest.swift */,
				A301EE0A2D61148C00D71139 /* MarkCourseDiscussionTopicUnreadRequest.swift */,
				A301EE122D614A4100D71139 /* GetDiscussionTopicsRequest.swift */,
				9B762BC82D7BF8E70051F1F6 /* SubmitAssignmentRequest.swift */,
			);
			path = "API Requests";
			sourceTree = "<group>";
		};
		A324BA502D07963D005F53FA /* Features */ = {
			isa = PBXGroup;
			children = (
				9BF228C62D6CD1DF000676F2 /* Reminders */,
				A373DC2E2D28174700215019 /* Modules */,
				B7C5532A2D2D5AEB009CF4F0 /* Pinned Items */,
				B7E59A0E2D200281001836FE /* Navigation */,
				B7F950352D12785D004BB470 /* Profile */,
				A3049B642D0F3E26002F3166 /* Quiz */,
				B7D95DB52D0A8D6A002AD955 /* Settings */,
				A324BA5F2D0798A1005F53FA /* Grades */,
				A324BA5E2D079899005F53FA /* Calendar */,
				A324BA5C2D0797D1005F53FA /* Tabs */,
				A324BA5B2D0797B6005F53FA /* People */,
				A324BA5A2D0797A2005F53FA /* Assignments */,
				A324BA592D079781005F53FA /* Onboarding */,
				A324BA532D079685005F53FA /* Files */,
				A324BA522D079666005F53FA /* Courses */,
				A324BA512D079646005F53FA /* Announcements */,
				A3D022602D6A715400F8068C /* Pages */,
			);
			path = Features;
			sourceTree = "<group>";
		};
		A324BA512D079646005F53FA /* Announcements */ = {
			isa = PBXGroup;
			children = (
				B7D7512A2D3D5D7700F7B8B8 /* AllAnnouncementsView.swift */,
				B7D7512E2D3D660B00F7B8B8 /* AllAnnouncementsManager.swift */,
				9B92A4242C93856100C21CFC /* CourseAnnouncementManager.swift */,
				9B6663E22C9853BC0060990E /* HTMLTextView.swift */,
				9B9C2E052C93F94C00E4B16B /* CourseAnnouncementDetailView.swift */,
				9B9C2E032C93F6CD00E4B16B /* CourseAnnouncementsView.swift */,
				B7D751302D3D688C00F7B8B8 /* AnnouncementRow.swift */,
				A373DC1F2D1D2B9D00215019 /* Models */,
			);
			path = Announcements;
			sourceTree = "<group>";
		};
		A324BA522D079666005F53FA /* Courses */ = {
			isa = PBXGroup;
			children = (
				A373DC182D1A40EC00215019 /* Models */,
				B76454F62C8DF61B002DF00E /* CourseView.swift */,
				B76454FC2C8DF61B002DF00E /* CourseManager.swift */,
			);
			path = Courses;
			sourceTree = "<group>";
		};
		A324BA532D079685005F53FA /* Files */ = {
			isa = PBXGroup;
			children = (
				A373DC1D2D1D2B4000215019 /* Models */,
				A324BA692D0817AB005F53FA /* FoldersPageView.swift */,
				B76454FB2C8DF61B002DF00E /* CourseFileViewModel.swift */,
				B76454F42C8DF61B002DF00E /* CourseFilesView.swift */,
				3DAE84FD2C9A0CE8008C22E7 /* CoursePDFView.swift */,
				A324BA632D07AF0B005F53FA /* CourseFileService.swift */,
				A324BA652D07AFD5005F53FA /* FileType.swift */,
				A324BA672D07C2E9005F53FA /* FileViewer.swift */,
				B72EA56F2D5689B20013070E /* QuickLookPreview.swift */,
			);
			path = Files;
			sourceTree = "<group>";
		};
		A324BA542D0796B8005F53FA /* Common */ = {
			isa = PBXGroup;
			children = (
				A324BA582D079730005F53FA /* Storage */,
				A324BA572D0796F6005F53FA /* Network */,
				A324BA562D0796C3005F53FA /* Components */,
				A324BA552D0796BE005F53FA /* Utilities */,
			);
			path = Common;
			sourceTree = "<group>";
		};
		A324BA552D0796BE005F53FA /* Utilities */ = {
			isa = PBXGroup;
			children = (
				9B07E7112D779CA500359B69 /* Date+RelativeDates.swift */,
				A373DC0E2D19F71600215019 /* TypeSafeCodable.swift */,
				A3CF88D22D18E6BB000ACDF3 /* ParentKeyPath.swift */,
				B7F950312D118EAA004BB470 /* String+StripHTML.swift */,
				A3FFD03B2CDED67C006BAB51 /* String+Numbers.swift */,
				B7926D152CE95CE900BFFBE1 /* RGBColors.swift */,
				9B350F072C9652C6003FC60D /* NSAttributedString+HTML.swift */,
				A3FFD0392CDEC2AC006BAB51 /* LookupCondition.swift */,
				A3D022582D6A5BC500F8068C /* Data+Empty.swift */,
				9A977E822D6C322F001D7F0A /* LoggerService.swift */,
			);
			path = Utilities;
			sourceTree = "<group>";
		};
		A324BA562D0796C3005F53FA /* Components */ = {
			isa = PBXGroup;
			children = (
				B7C0A3C82D2F87E9003E5A36 /* AsyncView.swift */,
				B7F950332D11A00F004BB470 /* StatusToolbarItem.swift */,
				9A977E8A2D6C375E001D7F0A /* ColorPickerSheet.swift */,
				3DAE84FF2C9A0E4F008C22E7 /* BridgedPDFView.swift */,
				A3CA025C2D432B8500A9752B /* Search Results */,
			);
			path = Components;
			sourceTree = "<group>";
		};
		A324BA572D0796F6005F53FA /* Network */ = {
			isa = PBXGroup;
			children = (
				A3049B712D125509002F3166 /* APIRequest.swift */,
				A373DC152D1A3C8700215019 /* RequestMethod.swift */,
				A3D161462D169C0A004055FB /* APIRequest+Network.swift */,
				A3D161482D169C23004055FB /* CacheableAPIRequest+Storage.swift */,
				A3D1614C2D16ACB8004055FB /* CacheableAPIRequest+Sync.swift */,
				A3E7F3882C954E0500DC4300 /* CanvasRequest.swift */,
				A3CF88D02D18E61B000ACDF3 /* APIResponse.swift */,
				A3049B732D15DBEE002F3166 /* API Requests */,
				A3E7F38A2C9555B200DC4300 /* CanvasService.swift */,
				A3FFD03D2CE0065A006BAB51 /* NetworkError.swift */,
				A352AD172D3DA423007EE6FC /* LoadingMethod.swift */,
			);
			path = Network;
			sourceTree = "<group>";
		};
		A324BA582D079730005F53FA /* Storage */ = {
			isa = PBXGroup;
			children = (
				A3269E8D2CD5533F006F7D14 /* CanvasRepository.swift */,
				A3269E8F2CD57F75006F7D14 /* Cacheable.swift */,
				B76454F02C8DF61B002DF00E /* StorageKeys.swift */,
			);
			path = Storage;
			sourceTree = "<group>";
		};
		A324BA592D079781005F53FA /* Onboarding */ = {
			isa = PBXGroup;
			children = (
				B76454F72C8DF61B002DF00E /* SetupView.swift */,
			);
			path = Onboarding;
			sourceTree = "<group>";
		};
		A324BA5A2D0797A2005F53FA /* Assignments */ = {
			isa = PBXGroup;
			children = (
				A373DC1E2D1D2B5700215019 /* Models */,
				192EC04B2C963EE600AF8528 /* CourseAssignmentsView.swift */,
				9B0C193F2D78E461002ABEFC /* AssignmentSubmissionView.swift */,
				9BEB4ECF2D56AF570013869D /* AssignmentDetailView.swift */,
				9B69FA4A2CC2CC7F006101F3 /* AggregatedAssignmentsView.swift */,
				9B69FA4E2CC2CCCF006101F3 /* AggregatedAssignmentsListCell.swift */,
				192EC0472C963ACB00AF8528 /* CourseAssignmentManager.swift */,
				9B69FA4C2CC2CCB1006101F3 /* AggregatedAssignmentsViewModel.swift */,
			);
			path = Assignments;
			sourceTree = "<group>";
		};
		A324BA5B2D0797B6005F53FA /* People */ = {
			isa = PBXGroup;
			children = (
				A373DC192D1A425300215019 /* Models */,
				B53D95A12CA0A22A00647EE9 /* PeopleView.swift */,
				B533C0BD2CADDDE700A74AF6 /* PeopleCommonView.swift */,
				B53D959F2CA0952F00647EE9 /* PeopleManager.swift */,
			);
			path = People;
			sourceTree = "<group>";
		};
		A324BA5C2D0797D1005F53FA /* Tabs */ = {
			isa = PBXGroup;
			children = (
				A3E7F3922C99338B00DC4300 /* TabAPI.swift */,
				A3E7F38E2C96C1CE00DC4300 /* CourseTabsView.swift */,
				A3E7F3902C99317100DC4300 /* CourseTabsManager.swift */,
			);
			path = Tabs;
			sourceTree = "<group>";
		};
		A324BA5E2D079899005F53FA /* Calendar */ = {
			isa = PBXGroup;
			children = (
				95BA93472C9CE20D00137A91 /* CalendarView.swift */,
				B7D95D762D07C3D3002AD955 /* ICSParser.swift */,
			);
			path = Calendar;
			sourceTree = "<group>";
		};
		A324BA5F2D0798A1005F53FA /* Grades */ = {
			isa = PBXGroup;
			children = (
				7F8535732C98DE3C0023E384 /* CourseGradeView.swift */,
				A31A81E62D0CCB69003C37EB /* GradesViewModel.swift */,
				A373DC0C2D19F65700215019 /* APIGradingPeriod.swift */,
				A373DC222D1D454000215019 /* APIGradingSchemeEntry.swift */,
			);
			path = Grades;
			sourceTree = "<group>";
		};
		A373DC182D1A40EC00215019 /* Models */ = {
			isa = PBXGroup;
			children = (
				B76454ED2C8DF61B002DF00E /* Course.swift */,
				A3CF88D82D192177000ACDF3 /* CourseAPI.swift */,
				A373DC132D19FA2A00215019 /* APICourseSection.swift */,
			);
			path = Models;
			sourceTree = "<group>";
		};
		A373DC192D1A425300215019 /* Models */ = {
			isa = PBXGroup;
			children = (
				B76454EE2C8DF61B002DF00E /* Enrollment.swift */,
				A3CF88DA2D192194000ACDF3 /* EnrollmentAPI.swift */,
				B7F950382D1279A1004BB470 /* UserAPI.swift */,
				A352AD1B2D3EF206007EE6FC /* User.swift */,
			);
			path = Models;
			sourceTree = "<group>";
		};
		A373DC1C2D1D2B1600215019 /* Models */ = {
			isa = PBXGroup;
			children = (
				A373DC262D1D4C4A00215019 /* QuizSubmissionWorkflowState.swift */,
				A373DC242D1D4BEC00215019 /* APIQuizSubmission.swift */,
				A3049B622D0E6154002F3166 /* ScoringPolicy.swift */,
				A3049B602D0E6110002F3166 /* QuizQuestionType.swift */,
				A3049B522D0E5241002F3166 /* Quiz.swift */,
				A3049B552D0E541D002F3166 /* QuizType.swift */,
				A3049B5A2D0E5C18002F3166 /* QuizPermissions.swift */,
				A3049B5E2D0E6044002F3166 /* QuizHideResults.swift */,
				A3CF88DC2D1921A7000ACDF3 /* QuizAPI.swift */,
				A3049B582D0E5A96002F3166 /* LockInfo.swift */,
			);
			path = Models;
			sourceTree = "<group>";
		};
		A373DC1D2D1D2B4000215019 /* Models */ = {
			isa = PBXGroup;
			children = (
				A3CF88DE2D1921B5000ACDF3 /* FileAPI.swift */,
				A3CF88E22D1921CB000ACDF3 /* FolderAPI.swift */,
				B76454EF2C8DF61B002DF00E /* File.swift */,
				A306ED102CEAC09E00556D1E /* Folder.swift */,
			);
			path = Models;
			sourceTree = "<group>";
		};
		A373DC1E2D1D2B5700215019 /* Models */ = {
			isa = PBXGroup;
			children = (
				B7A12F472D69448C00EDFA0A /* AssignmentGroupAPI.swift */,
				B7A12F452D69448300EDFA0A /* AssignmentGroup.swift */,
				192EC0492C963B9000AF8528 /* AssignmentAPI.swift */,
				B74688A22D63DB59007A27FD /* Assignment.swift */,
				A3049B5C2D0E5D5A002F3166 /* APIAssignmentDate.swift */,
				B7F9503C2D12ADAE004BB470 /* SubmissionAPI.swift */,
				A373DC2A2D23EB3D00215019 /* Submission.swift */,
			);
			path = Models;
			sourceTree = "<group>";
		};
		A373DC1F2D1D2B9D00215019 /* Models */ = {
			isa = PBXGroup;
			children = (
				A3CF88E02D1921C3000ACDF3 /* AnnouncementAPI.swift */,
				9B92A4222C93853C00C21CFC /* Announcement.swift */,
				A301EE0C2D612E7100D71139 /* DiscussionTopicAPI.swift */,
				A301EE0E2D612EA800D71139 /* DiscussionTopic.swift */,
			);
			path = Models;
			sourceTree = "<group>";
		};
		A373DC2E2D28174700215019 /* Modules */ = {
			isa = PBXGroup;
			children = (
				A373DC2F2D28175000215019 /* Models */,
				A351913E2D283556001E415F /* ModulesListView.swift */,
				A35191402D283589001E415F /* ModulesViewModel.swift */,
			);
			path = Modules;
			sourceTree = "<group>";
		};
		A373DC2F2D28175000215019 /* Models */ = {
			isa = PBXGroup;
			children = (
				A373DC302D28176100215019 /* APIModule.swift */,
				A373DC322D2819F700215019 /* APIModuleItem.swift */,
				A373DC342D2824D700215019 /* Module.swift */,
				A373DC362D28285300215019 /* ModuleItem.swift */,
			);
			path = Models;
			sourceTree = "<group>";
		};
		A3CA025C2D432B8500A9752B /* Search Results */ = {
			isa = PBXGroup;
			children = (
				A3CA02582D43294B00A9752B /* SearchResultsListView.swift */,
				A3CA025A2D432A8700A9752B /* SearchResultListDataSource.swift */,
			);
			path = "Search Results";
			sourceTree = "<group>";
		};
		A3D022602D6A715400F8068C /* Pages */ = {
			isa = PBXGroup;
			children = (
				B5894F0F2D6EBD8C00E8F527 /* Models */,
				B5894F102D6EBD8C00E8F527 /* PagesListView.swift */,
				B5894F182D6EC56000E8F527 /* PageView.swift */,
				B5894F162D6EBEA100E8F527 /* PagesManager.swift */,
			);
			path = Pages;
			sourceTree = "<group>";
		};
		B5894F0F2D6EBD8C00E8F527 /* Models */ = {
			isa = PBXGroup;
			children = (
				B5894F0D2D6EBD8C00E8F527 /* Page.swift */,
				B5894F0E2D6EBD8C00E8F527 /* PageAPI.swift */,
			);
			path = Models;
			sourceTree = "<group>";
		};
		B764545B2C8BBC7F002DF00E = {
			isa = PBXGroup;
			children = (
				B76454FD2C8DF61B002DF00E /* CanvasPlusPlayground */,
				B76454652C8BBC7F002DF00E /* Products */,
				9B07E7142D77BF1700359B69 /* Recovered References */,
			);
			sourceTree = "<group>";
		};
		B76454652C8BBC7F002DF00E /* Products */ = {
			isa = PBXGroup;
			children = (
				B76454642C8BBC7F002DF00E /* CanvasPlusPlayground.app */,
			);
			name = Products;
			sourceTree = "<group>";
		};
		B76454F32C8DF61B002DF00E /* Preview Content */ = {
			isa = PBXGroup;
			children = (
				B76454F22C8DF61B002DF00E /* Preview Assets.xcassets */,
			);
			path = "Preview Content";
			sourceTree = "<group>";
		};
		B76454FD2C8DF61B002DF00E /* CanvasPlusPlayground */ = {
			isa = PBXGroup;
			children = (
				A324BA542D0796B8005F53FA /* Common */,
				A324BA502D07963D005F53FA /* Features */,
				B76454F32C8DF61B002DF00E /* Preview Content */,
				B7AD54EE2CD41D5200FB09BB /* Intelligence */,
				B76454F92C8DF61B002DF00E /* Assets.xcassets */,
				B76454FA2C8DF61B002DF00E /* CanvasPlusPlaygroundApp.swift */,
			);
			path = CanvasPlusPlayground;
			sourceTree = "<group>";
		};
		B7AD54EE2CD41D5200FB09BB /* Intelligence */ = {
			isa = PBXGroup;
			children = (
				B7AD54EF2CD41D7900FB09BB /* IntelligenceManager.swift */,
				B7AD54F02CD41D7900FB09BB /* DeviceStat.swift */,
				B7AD54F12CD41D7900FB09BB /* LLMEvaluator.swift */,
				B7AD54F22CD41D7900FB09BB /* ModelConfiguration.swift */,
				B7AD550B2CD4257400FB09BB /* IntelligenceOnboardingView.swift */,
			);
			path = Intelligence;
			sourceTree = "<group>";
		};
		B7C5532A2D2D5AEB009CF4F0 /* Pinned Items */ = {
			isa = PBXGroup;
			children = (
				B7C0A3CA2D2F919F003E5A36 /* PinButton.swift */,
				B7C0A3BE2D2F224C003E5A36 /* PinnedItemsView.swift */,
				B7C0A3CE2D31F339003E5A36 /* PinnedItemCard.swift */,
				9BA7C0F62D62DC92000F2918 /* PinnedItemDetailView.swift */,
				B7C0A3CC2D3023CA003E5A36 /* PinnedItem.swift */,
				B7C0A3BC2D2F1F25003E5A36 /* PinnedItemsManager.swift */,
			);
			path = "Pinned Items";
			sourceTree = "<group>";
		};
		B7D95DB52D0A8D6A002AD955 /* Settings */ = {
			isa = PBXGroup;
			children = (
				B7D95DB62D0A8D75002AD955 /* SettingsView.swift */,
			);
			path = Settings;
			sourceTree = "<group>";
		};
		B7E59A0E2D200281001836FE /* Navigation */ = {
			isa = PBXGroup;
			children = (
				B7A26EE82CCB62A00084704A /* NavigationModel.swift */,
				B76454F52C8DF61B002DF00E /* HomeView.swift */,
				B7E59A0F2D2002A3001836FE /* Sidebar.swift */,
				B7E59A112D20046B001836FE /* SidebarTile.swift */,
				B7E59A132D2004A4001836FE /* CourseListCell.swift */,
				B7E59A152D20076E001836FE /* CourseDetailView.swift */,
			);
			path = Navigation;
			sourceTree = "<group>";
		};
		B7F950352D12785D004BB470 /* Profile */ = {
			isa = PBXGroup;
			children = (
				B77FD0062D5309340049AA5E /* ProfilePicture.swift */,
				B77FD0012D52A0D20049AA5E /* ProfileView.swift */,
				B73AE0BC2D4FB68B007094A8 /* Profile.swift */,
				B7F950362D127861004BB470 /* ProfileManager.swift */,
				B7F9503A2D127AD0004BB470 /* ProfileAPI.swift */,
			);
			path = Profile;
			sourceTree = "<group>";
		};
/* End PBXGroup section */

/* Begin PBXNativeTarget section */
		B76454632C8BBC7F002DF00E /* CanvasPlusPlayground */ = {
			isa = PBXNativeTarget;
			buildConfigurationList = B76454722C8BBC81002DF00E /* Build configuration list for PBXNativeTarget "CanvasPlusPlayground" */;
			buildPhases = (
				B76454602C8BBC7F002DF00E /* Sources */,
				B76454612C8BBC7F002DF00E /* Frameworks */,
				B76454622C8BBC7F002DF00E /* Resources */,
				9ACDA5E82D5F1DA2001F1F0A /* SwiftLint */,
			);
			buildRules = (
			);
			dependencies = (
				B7E59A202D217BCB001836FE /* PBXTargetDependency */,
			);
			fileSystemSynchronizedGroups = (
				B5BFC9BA2D6A39F300EDF3B5 /* Models */,
			);
			name = CanvasPlusPlayground;
			packageProductDependencies = (
				B785BE642CF592710094BF94 /* LLM */,
			);
			productName = CanvasPlusPlayground;
			productReference = B76454642C8BBC7F002DF00E /* CanvasPlusPlayground.app */;
			productType = "com.apple.product-type.application";
		};
/* End PBXNativeTarget section */

/* Begin PBXProject section */
		B764545C2C8BBC7F002DF00E /* Project object */ = {
			isa = PBXProject;
			attributes = {
				BuildIndependentTargetsInParallel = 1;
				LastSwiftUpdateCheck = 1610;
				LastUpgradeCheck = 1620;
				TargetAttributes = {
					B76454632C8BBC7F002DF00E = {
						CreatedOnToolsVersion = 16.1;
					};
				};
			};
			buildConfigurationList = B764545F2C8BBC7F002DF00E /* Build configuration list for PBXProject "CanvasPlusPlayground" */;
			compatibilityVersion = "Xcode 15.0";
			developmentRegion = en;
			hasScannedForEncodings = 0;
			knownRegions = (
				en,
				Base,
			);
			mainGroup = B764545B2C8BBC7F002DF00E;
			minimizedProjectReferenceProxies = 1;
			packageReferences = (
				B785BE632CF592710094BF94 /* XCRemoteSwiftPackageReference "mlx-swift-examples" */,
				B7E59A1C2D21551D001836FE /* XCRemoteSwiftPackageReference "SwiftLintPlugins" */,
			);
			productRefGroup = B76454652C8BBC7F002DF00E /* Products */;
			projectDirPath = "";
			projectRoot = "";
			targets = (
				B76454632C8BBC7F002DF00E /* CanvasPlusPlayground */,
			);
		};
/* End PBXProject section */

/* Begin PBXResourcesBuildPhase section */
		B76454622C8BBC7F002DF00E /* Resources */ = {
			isa = PBXResourcesBuildPhase;
			buildActionMask = 2147483647;
			files = (
				B76455092C8DF61B002DF00E /* Preview Assets.xcassets in Resources */,
				B764550A2C8DF61B002DF00E /* Assets.xcassets in Resources */,
			);
			runOnlyForDeploymentPostprocessing = 0;
		};
/* End PBXResourcesBuildPhase section */

/* Begin PBXShellScriptBuildPhase section */
		9ACDA5E82D5F1DA2001F1F0A /* SwiftLint */ = {
			isa = PBXShellScriptBuildPhase;
			alwaysOutOfDate = 1;
			buildActionMask = 2147483647;
			files = (
			);
			inputFileListPaths = (
			);
			inputPaths = (
			);
			name = SwiftLint;
			outputFileListPaths = (
			);
			outputPaths = (
			);
			runOnlyForDeploymentPostprocessing = 0;
			shellPath = /bin/sh;
			shellScript = "if [[ \"$(uname -m)\" == arm64 ]]; then\n    export PATH=\"/opt/homebrew/bin:$PATH\"\nfi\n\nif which swiftlint > /dev/null; then\n    swiftlint lint --fix\nelse\n    echo \"warning: SwiftLint not installed, download from https://github.com/realm/SwiftLint\"\nfi\n";
		};
/* End PBXShellScriptBuildPhase section */

/* Begin PBXSourcesBuildPhase section */
		B76454602C8BBC7F002DF00E /* Sources */ = {
			isa = PBXSourcesBuildPhase;
			buildActionMask = 2147483647;
			files = (
				A301EE0B2D61148C00D71139 /* MarkCourseDiscussionTopicUnreadRequest.swift in Sources */,
				9B92A4232C93853C00C21CFC /* Announcement.swift in Sources */,
				A3CA02592D43294B00A9752B /* SearchResultsListView.swift in Sources */,
				A3D0225D2D6A711900F8068C /* GetPagesRequest.swift in Sources */,
				B76454FE2C8DF61B002DF00E /* Course.swift in Sources */,
				A324BA642D07AF0B005F53FA /* CourseFileService.swift in Sources */,
				95BA93482C9CE20D00137A91 /* CalendarView.swift in Sources */,
				B76454FF2C8DF61B002DF00E /* Enrollment.swift in Sources */,
				A3049B5F2D0E6044002F3166 /* QuizHideResults.swift in Sources */,
				9BA7C0F72D62DC92000F2918 /* PinnedItemDetailView.swift in Sources */,
				B76455002C8DF61B002DF00E /* File.swift in Sources */,
				A3049B7B2D15E2B7002F3166 /* GetFilesInFolderRequest.swift in Sources */,
				A3CF88DB2D192194000ACDF3 /* EnrollmentAPI.swift in Sources */,
				B7F950322D118EAF004BB470 /* String+StripHTML.swift in Sources */,
				B7D7512D2D3D652300F7B8B8 /* GetAnnouncementsBatchRequest.swift in Sources */,
				A324BA6A2D0817AB005F53FA /* FoldersPageView.swift in Sources */,
				B7A26EE92CCB62A30084704A /* NavigationModel.swift in Sources */,
				192EC04A2C963B9000AF8528 /* AssignmentAPI.swift in Sources */,
				A3049B722D125509002F3166 /* APIRequest.swift in Sources */,
				A373DC0D2D19F65700215019 /* APIGradingPeriod.swift in Sources */,
				A352AD182D3DA423007EE6FC /* LoadingMethod.swift in Sources */,
				B7926D162CE95CED00BFFBE1 /* RGBColors.swift in Sources */,
				3DAE84FE2C9A0CE8008C22E7 /* CoursePDFView.swift in Sources */,
				A3049B632D0E6154002F3166 /* ScoringPolicy.swift in Sources */,
				B7C0A3C92D2F87EC003E5A36 /* AsyncView.swift in Sources */,
				9B69FA4F2CC2CCCF006101F3 /* AggregatedAssignmentsListCell.swift in Sources */,
				B7F950372D127869004BB470 /* ProfileManager.swift in Sources */,
				A324BA662D07AFD5005F53FA /* FileType.swift in Sources */,
				192EC0482C963ACB00AF8528 /* CourseAssignmentManager.swift in Sources */,
				A373DC232D1D454000215019 /* APIGradingSchemeEntry.swift in Sources */,
				A301EE0D2D612E7100D71139 /* DiscussionTopicAPI.swift in Sources */,
				A373DC252D1D4BEC00215019 /* APIQuizSubmission.swift in Sources */,
				B7C0A3CF2D31F339003E5A36 /* PinnedItemCard.swift in Sources */,
				9BF228C82D6CD1EB000676F2 /* RemindersManager.swift in Sources */,
				B7D95D772D07C3D3002AD955 /* ICSParser.swift in Sources */,
				A3CF88D32D18E6BB000ACDF3 /* ParentKeyPath.swift in Sources */,
				B7F9503B2D127AD0004BB470 /* ProfileAPI.swift in Sources */,
				A352AD1C2D3EF206007EE6FC /* User.swift in Sources */,
				B76455012C8DF61B002DF00E /* StorageKeys.swift in Sources */,
				A3FFD03A2CDEC2AC006BAB51 /* LookupCondition.swift in Sources */,
				B7D95DB72D0A8D78002AD955 /* SettingsView.swift in Sources */,
				B7A12F3F2D69441500EDFA0A /* GetAssignmentGroupsRequest.swift in Sources */,
				9BEB4ED02D56AF570013869D /* AssignmentDetailView.swift in Sources */,
				A3049B592D0E5A96002F3166 /* LockInfo.swift in Sources */,
				A3E7F3932C99338B00DC4300 /* TabAPI.swift in Sources */,
				A3049B7D2D160299002F3166 /* GetFoldersInFolderRequest.swift in Sources */,
				9B69FA4D2CC2CCB1006101F3 /* AggregatedAssignmentsViewModel.swift in Sources */,
				B76455022C8DF61B002DF00E /* CourseFilesView.swift in Sources */,
				B76455032C8DF61B002DF00E /* HomeView.swift in Sources */,
				A3269E8E2CD5533F006F7D14 /* CanvasRepository.swift in Sources */,
				A3049B5B2D0E5C18002F3166 /* QuizPermissions.swift in Sources */,
				B7C0A3C52D2F4C19003E5A36 /* GetAssignmentRequest.swift in Sources */,
				A3FFD03E2CE0065A006BAB51 /* NetworkError.swift in Sources */,
				B7E59A142D2004A4001836FE /* CourseListCell.swift in Sources */,
				B53D95A22CA0A22A00647EE9 /* PeopleView.swift in Sources */,
				A373DC312D28176100215019 /* APIModule.swift in Sources */,
				9B762BC92D7BF8E70051F1F6 /* SubmitAssignmentRequest.swift in Sources */,
				B7D7512F2D3D660B00F7B8B8 /* AllAnnouncementsManager.swift in Sources */,
				A3049B752D15DC1C002F3166 /* GetCoursesRequest.swift in Sources */,
				B76455042C8DF61B002DF00E /* CourseView.swift in Sources */,
				A3049B682D0F3ECA002F3166 /* QuizzesViewModel.swift in Sources */,
				A3CF88D12D18E61B000ACDF3 /* APIResponse.swift in Sources */,
				A373DC352D2824D700215019 /* Module.swift in Sources */,
				B74688A32D63DB59007A27FD /* Assignment.swift in Sources */,
				B5894F112D6EBD8C00E8F527 /* PageAPI.swift in Sources */,
				B5894F122D6EBD8C00E8F527 /* PagesListView.swift in Sources */,
				B5894F132D6EBD8C00E8F527 /* Page.swift in Sources */,
				A373DC2B2D23EB3D00215019 /* Submission.swift in Sources */,
				B7E59A122D20046B001836FE /* SidebarTile.swift in Sources */,
				9B92A4252C93856100C21CFC /* CourseAnnouncementManager.swift in Sources */,
				A35191432D28ED48001E415F /* GetModuleItemsRequest.swift in Sources */,
				B76455052C8DF61B002DF00E /* SetupView.swift in Sources */,
				A3049B772D15DC36002F3166 /* GetCourseRequest.swift in Sources */,
				B7AD54F32CD41D7900FB09BB /* LLMEvaluator.swift in Sources */,
				B7AD54F42CD41D7900FB09BB /* ModelConfiguration.swift in Sources */,
				B7AD54F52CD41D7900FB09BB /* IntelligenceManager.swift in Sources */,
				A3049B852D161455002F3166 /* GetEnrollmentsRequest.swift in Sources */,
				A3D161472D169C0A004055FB /* APIRequest+Network.swift in Sources */,
				A3CF88D92D192177000ACDF3 /* CourseAPI.swift in Sources */,
				A3049B832D161432002F3166 /* GetAssignmentsRequest.swift in Sources */,
				B7F9503D2D12ADAE004BB470 /* SubmissionAPI.swift in Sources */,
				B7E59A102D2002A5001836FE /* Sidebar.swift in Sources */,
				B7AD54F62CD41D7900FB09BB /* DeviceStat.swift in Sources */,
				A3049B812D160F6B002F3166 /* GetAnnouncementsRequest.swift in Sources */,
				A373DC332D2819F700215019 /* APIModuleItem.swift in Sources */,
				A373DC162D1A3C8700215019 /* RequestMethod.swift in Sources */,
				A324BA682D07C2E9005F53FA /* FileViewer.swift in Sources */,
				B7E59A162D200775001836FE /* CourseDetailView.swift in Sources */,
				A3D022592D6A5BC500F8068C /* Data+Empty.swift in Sources */,
				9B350F082C9652C6003FC60D /* NSAttributedString+HTML.swift in Sources */,
				A3D1614D2D16ACB8004055FB /* CacheableAPIRequest+Sync.swift in Sources */,
				A3049B562D0E541D002F3166 /* QuizType.swift in Sources */,
				A3049B612D0E6110002F3166 /* QuizQuestionType.swift in Sources */,
				A3CA025B2D432A8700A9752B /* SearchResultListDataSource.swift in Sources */,
				9B9C2E042C93F6CD00E4B16B /* CourseAnnouncementsView.swift in Sources */,
				B77FD0022D52A0D60049AA5E /* ProfileView.swift in Sources */,
				9A977E8B2D6C375E001D7F0A /* ColorPickerSheet.swift in Sources */,
				192EC04C2C963EE600AF8528 /* CourseAssignmentsView.swift in Sources */,
				A3FFD03C2CDED67C006BAB51 /* String+Numbers.swift in Sources */,
				A301EE132D614A4100D71139 /* GetDiscussionTopicsRequest.swift in Sources */,
				9A977E832D6C322F001D7F0A /* LoggerService.swift in Sources */,
				A301EE092D61137400D71139 /* MarkCourseDiscussionTopicReadRequest.swift in Sources */,
				B53D95A02CA0953900647EE9 /* PeopleManager.swift in Sources */,
				B7C0A3CB2D2F919F003E5A36 /* PinButton.swift in Sources */,
				B7F950392D1279A1004BB470 /* UserAPI.swift in Sources */,
				A3049B662D0F3E32002F3166 /* CourseQuizzesView.swift in Sources */,
				B7D7512B2D3D5D8000F7B8B8 /* AllAnnouncementsView.swift in Sources */,
				A3E7F3892C954E0500DC4300 /* CanvasRequest.swift in Sources */,
				A352AD1A2D3EF1C1007EE6FC /* GetCourseUsersRequest.swift in Sources */,
				B77FD0072D5309340049AA5E /* ProfilePicture.swift in Sources */,
				A35191412D283589001E415F /* ModulesViewModel.swift in Sources */,
				A3E7F3912C99317100DC4300 /* CourseTabsManager.swift in Sources */,
				9B6D4F802D6E48340033044F /* ReminderButton.swift in Sources */,
				A3E7F38F2C96C1CE00DC4300 /* CourseTabsView.swift in Sources */,
				B76455062C8DF61B002DF00E /* CanvasPlusPlaygroundApp.swift in Sources */,
				B7F950342D11A00F004BB470 /* StatusToolbarItem.swift in Sources */,
				A301EE0F2D612EA800D71139 /* DiscussionTopic.swift in Sources */,
				9B07E7122D779CAB00359B69 /* Date+RelativeDates.swift in Sources */,
				9B69FA4B2CC2CC7F006101F3 /* AggregatedAssignmentsView.swift in Sources */,
				B7C0A3BF2D2F2251003E5A36 /* PinnedItemsView.swift in Sources */,
				A3CF88E32D1921CB000ACDF3 /* FolderAPI.swift in Sources */,
				A373DC2D2D28172E00215019 /* GetModulesRequest.swift in Sources */,
				B7C0A3CD2D3023CA003E5A36 /* PinnedItem.swift in Sources */,
				B5894F172D6EBEA100E8F527 /* PagesManager.swift in Sources */,
				B76455072C8DF61B002DF00E /* CourseFileViewModel.swift in Sources */,
				B5894F192D6EC56000E8F527 /* PageView.swift in Sources */,
				A351913F2D283556001E415F /* ModulesListView.swift in Sources */,
				A3CF88DF2D1921B5000ACDF3 /* FileAPI.swift in Sources */,
				A3CF88DD2D1921A7000ACDF3 /* QuizAPI.swift in Sources */,
				A3049B532D0E5241002F3166 /* Quiz.swift in Sources */,
				A3049B872D16146D002F3166 /* GetQuizzesRequest.swift in Sources */,
				A3269E902CD57F75006F7D14 /* Cacheable.swift in Sources */,
				B7A12F482D69448C00EDFA0A /* AssignmentGroupAPI.swift in Sources */,
				B7C0A3BD2D2F1F2E003E5A36 /* PinnedItemsManager.swift in Sources */,
				A3049B5D2D0E5D5A002F3166 /* APIAssignmentDate.swift in Sources */,
				9B0C19402D78E461002ABEFC /* AssignmentSubmissionView.swift in Sources */,
				B7A12F462D69448300EDFA0A /* AssignmentGroup.swift in Sources */,
				3DAE85002C9A0E4F008C22E7 /* BridgedPDFView.swift in Sources */,
				B533C0BE2CADDDE700A74AF6 /* PeopleCommonView.swift in Sources */,
				B7C0A3C72D2F4E82003E5A36 /* GetFileRequest.swift in Sources */,
				A31A81E72D0CCB69003C37EB /* GradesViewModel.swift in Sources */,
				A373DC142D19FA2A00215019 /* APICourseSection.swift in Sources */,
				A3E7F38B2C9555B200DC4300 /* CanvasService.swift in Sources */,
				B72EA5702D5689B20013070E /* QuickLookPreview.swift in Sources */,
				B76455082C8DF61B002DF00E /* CourseManager.swift in Sources */,
				A3CF88E12D1921C3000ACDF3 /* AnnouncementAPI.swift in Sources */,
				A3D1614F2D1784E3004055FB /* GetUserRequest.swift in Sources */,
				A373DC0F2D19F71600215019 /* TypeSafeCodable.swift in Sources */,
				9B9C2E062C93F94C00E4B16B /* CourseAnnouncementDetailView.swift in Sources */,
				A3D161512D178615004055FB /* GetUserProfileRequest.swift in Sources */,
				A3D161492D169C23004055FB /* CacheableAPIRequest+Storage.swift in Sources */,
				9B6663E32C9853BC0060990E /* HTMLTextView.swift in Sources */,
				B73AE0BD2D4FB68B007094A8 /* Profile.swift in Sources */,
				B7AD550C2CD4257B00FB09BB /* IntelligenceOnboardingView.swift in Sources */,
				B7D751312D3D688C00F7B8B8 /* AnnouncementRow.swift in Sources */,
				A3049B792D15E162002F3166 /* GetCourseRootFolderRequest.swift in Sources */,
				7F8535742C98DE3C0023E384 /* CourseGradeView.swift in Sources */,
				A3049B7F2D160C03002F3166 /* GetTabsRequest.swift in Sources */,
				A373DC372D28285300215019 /* ModuleItem.swift in Sources */,
				A306ED112CEAC09E00556D1E /* Folder.swift in Sources */,
				A373DC272D1D4C4A00215019 /* QuizSubmissionWorkflowState.swift in Sources */,
			);
			runOnlyForDeploymentPostprocessing = 0;
		};
/* End PBXSourcesBuildPhase section */

/* Begin PBXTargetDependency section */
		B7E59A202D217BCB001836FE /* PBXTargetDependency */ = {
			isa = PBXTargetDependency;
			productRef = B7E59A1F2D217BCB001836FE /* SwiftLintBuildToolPlugin */;
		};
/* End PBXTargetDependency section */

/* Begin XCBuildConfiguration section */
		B76454702C8BBC81002DF00E /* Debug */ = {
			isa = XCBuildConfiguration;
			buildSettings = {
				ALWAYS_SEARCH_USER_PATHS = NO;
				ASSETCATALOG_COMPILER_GENERATE_SWIFT_ASSET_SYMBOL_EXTENSIONS = YES;
				CLANG_ANALYZER_NONNULL = YES;
				CLANG_ANALYZER_NUMBER_OBJECT_CONVERSION = YES_AGGRESSIVE;
				CLANG_CXX_LANGUAGE_STANDARD = "gnu++20";
				CLANG_ENABLE_MODULES = YES;
				CLANG_ENABLE_OBJC_ARC = YES;
				CLANG_ENABLE_OBJC_WEAK = YES;
				CLANG_WARN_BLOCK_CAPTURE_AUTORELEASING = YES;
				CLANG_WARN_BOOL_CONVERSION = YES;
				CLANG_WARN_COMMA = YES;
				CLANG_WARN_CONSTANT_CONVERSION = YES;
				CLANG_WARN_DEPRECATED_OBJC_IMPLEMENTATIONS = YES;
				CLANG_WARN_DIRECT_OBJC_ISA_USAGE = YES_ERROR;
				CLANG_WARN_DOCUMENTATION_COMMENTS = YES;
				CLANG_WARN_EMPTY_BODY = YES;
				CLANG_WARN_ENUM_CONVERSION = YES;
				CLANG_WARN_INFINITE_RECURSION = YES;
				CLANG_WARN_INT_CONVERSION = YES;
				CLANG_WARN_NON_LITERAL_NULL_CONVERSION = YES;
				CLANG_WARN_OBJC_IMPLICIT_RETAIN_SELF = YES;
				CLANG_WARN_OBJC_LITERAL_CONVERSION = YES;
				CLANG_WARN_OBJC_ROOT_CLASS = YES_ERROR;
				CLANG_WARN_QUOTED_INCLUDE_IN_FRAMEWORK_HEADER = YES;
				CLANG_WARN_RANGE_LOOP_ANALYSIS = YES;
				CLANG_WARN_STRICT_PROTOTYPES = YES;
				CLANG_WARN_SUSPICIOUS_MOVE = YES;
				CLANG_WARN_UNGUARDED_AVAILABILITY = YES_AGGRESSIVE;
				CLANG_WARN_UNREACHABLE_CODE = YES;
				CLANG_WARN__DUPLICATE_METHOD_MATCH = YES;
				COPY_PHASE_STRIP = NO;
				DEBUG_INFORMATION_FORMAT = dwarf;
				ENABLE_STRICT_OBJC_MSGSEND = YES;
				ENABLE_TESTABILITY = YES;
				ENABLE_USER_SCRIPT_SANDBOXING = YES;
				GCC_C_LANGUAGE_STANDARD = gnu17;
				GCC_DYNAMIC_NO_PIC = NO;
				GCC_NO_COMMON_BLOCKS = YES;
				GCC_OPTIMIZATION_LEVEL = 0;
				GCC_PREPROCESSOR_DEFINITIONS = (
					"DEBUG=1",
					"$(inherited)",
				);
				GCC_WARN_64_TO_32_BIT_CONVERSION = YES;
				GCC_WARN_ABOUT_RETURN_TYPE = YES_ERROR;
				GCC_WARN_UNDECLARED_SELECTOR = YES;
				GCC_WARN_UNINITIALIZED_AUTOS = YES_AGGRESSIVE;
				GCC_WARN_UNUSED_FUNCTION = YES;
				GCC_WARN_UNUSED_VARIABLE = YES;
				IPHONEOS_DEPLOYMENT_TARGET = 18.1;
				LOCALIZATION_PREFERS_STRING_CATALOGS = YES;
				MTL_ENABLE_DEBUG_INFO = INCLUDE_SOURCE;
				MTL_FAST_MATH = YES;
				ONLY_ACTIVE_ARCH = YES;
				SDKROOT = iphoneos;
				SWIFT_ACTIVE_COMPILATION_CONDITIONS = "DEBUG $(inherited)";
				SWIFT_OPTIMIZATION_LEVEL = "-Onone";
			};
			name = Debug;
		};
		B76454712C8BBC81002DF00E /* Release */ = {
			isa = XCBuildConfiguration;
			buildSettings = {
				ALWAYS_SEARCH_USER_PATHS = NO;
				ASSETCATALOG_COMPILER_GENERATE_SWIFT_ASSET_SYMBOL_EXTENSIONS = YES;
				CLANG_ANALYZER_NONNULL = YES;
				CLANG_ANALYZER_NUMBER_OBJECT_CONVERSION = YES_AGGRESSIVE;
				CLANG_CXX_LANGUAGE_STANDARD = "gnu++20";
				CLANG_ENABLE_MODULES = YES;
				CLANG_ENABLE_OBJC_ARC = YES;
				CLANG_ENABLE_OBJC_WEAK = YES;
				CLANG_WARN_BLOCK_CAPTURE_AUTORELEASING = YES;
				CLANG_WARN_BOOL_CONVERSION = YES;
				CLANG_WARN_COMMA = YES;
				CLANG_WARN_CONSTANT_CONVERSION = YES;
				CLANG_WARN_DEPRECATED_OBJC_IMPLEMENTATIONS = YES;
				CLANG_WARN_DIRECT_OBJC_ISA_USAGE = YES_ERROR;
				CLANG_WARN_DOCUMENTATION_COMMENTS = YES;
				CLANG_WARN_EMPTY_BODY = YES;
				CLANG_WARN_ENUM_CONVERSION = YES;
				CLANG_WARN_INFINITE_RECURSION = YES;
				CLANG_WARN_INT_CONVERSION = YES;
				CLANG_WARN_NON_LITERAL_NULL_CONVERSION = YES;
				CLANG_WARN_OBJC_IMPLICIT_RETAIN_SELF = YES;
				CLANG_WARN_OBJC_LITERAL_CONVERSION = YES;
				CLANG_WARN_OBJC_ROOT_CLASS = YES_ERROR;
				CLANG_WARN_QUOTED_INCLUDE_IN_FRAMEWORK_HEADER = YES;
				CLANG_WARN_RANGE_LOOP_ANALYSIS = YES;
				CLANG_WARN_STRICT_PROTOTYPES = YES;
				CLANG_WARN_SUSPICIOUS_MOVE = YES;
				CLANG_WARN_UNGUARDED_AVAILABILITY = YES_AGGRESSIVE;
				CLANG_WARN_UNREACHABLE_CODE = YES;
				CLANG_WARN__DUPLICATE_METHOD_MATCH = YES;
				COPY_PHASE_STRIP = NO;
				DEBUG_INFORMATION_FORMAT = "dwarf-with-dsym";
				ENABLE_NS_ASSERTIONS = NO;
				ENABLE_STRICT_OBJC_MSGSEND = YES;
				ENABLE_USER_SCRIPT_SANDBOXING = YES;
				GCC_C_LANGUAGE_STANDARD = gnu17;
				GCC_NO_COMMON_BLOCKS = YES;
				GCC_WARN_64_TO_32_BIT_CONVERSION = YES;
				GCC_WARN_ABOUT_RETURN_TYPE = YES_ERROR;
				GCC_WARN_UNDECLARED_SELECTOR = YES;
				GCC_WARN_UNINITIALIZED_AUTOS = YES_AGGRESSIVE;
				GCC_WARN_UNUSED_FUNCTION = YES;
				GCC_WARN_UNUSED_VARIABLE = YES;
				IPHONEOS_DEPLOYMENT_TARGET = 18.1;
				LOCALIZATION_PREFERS_STRING_CATALOGS = YES;
				MTL_ENABLE_DEBUG_INFO = NO;
				MTL_FAST_MATH = YES;
				SDKROOT = iphoneos;
				SWIFT_COMPILATION_MODE = wholemodule;
				VALIDATE_PRODUCT = YES;
			};
			name = Release;
		};
		B76454732C8BBC81002DF00E /* Debug */ = {
			isa = XCBuildConfiguration;
			buildSettings = {
				ASSETCATALOG_COMPILER_APPICON_NAME = AppIcon;
				ASSETCATALOG_COMPILER_GLOBAL_ACCENT_COLOR_NAME = AccentColor;
				CODE_SIGN_STYLE = Automatic;
				CURRENT_PROJECT_VERSION = 1;
				DEVELOPMENT_ASSET_PATHS = "\"CanvasPlusPlayground/Preview Content\"";
				DEVELOPMENT_TEAM = "";
				ENABLE_PREVIEWS = YES;
				ENABLE_USER_SCRIPT_SANDBOXING = NO;
				GENERATE_INFOPLIST_FILE = YES;
				INFOPLIST_KEY_UIApplicationSceneManifest_Generation = YES;
				INFOPLIST_KEY_UIApplicationSupportsIndirectInputEvents = YES;
				INFOPLIST_KEY_UILaunchScreen_Generation = YES;
				INFOPLIST_KEY_UISupportedInterfaceOrientations_iPad = "UIInterfaceOrientationPortrait UIInterfaceOrientationPortraitUpsideDown UIInterfaceOrientationLandscapeLeft UIInterfaceOrientationLandscapeRight";
				INFOPLIST_KEY_UISupportedInterfaceOrientations_iPhone = "UIInterfaceOrientationPortrait UIInterfaceOrientationLandscapeLeft UIInterfaceOrientationLandscapeRight";
				IPHONEOS_DEPLOYMENT_TARGET = 17.4;
				LD_RUNPATH_SEARCH_PATHS = (
					"$(inherited)",
					"@executable_path/Frameworks",
				);
				MACOSX_DEPLOYMENT_TARGET = 14.4;
				MARKETING_VERSION = 1.0;
				PRODUCT_BUNDLE_IDENTIFIER = com.gtiosclub.CanvasPlusPlayground;
				PRODUCT_NAME = "$(TARGET_NAME)";
				REGISTER_APP_GROUPS = NO;
				SUPPORTED_PLATFORMS = "iphoneos iphonesimulator macosx";
				SUPPORTS_MACCATALYST = NO;
				SUPPORTS_MAC_DESIGNED_FOR_IPHONE_IPAD = NO;
				SWIFT_EMIT_LOC_STRINGS = YES;
				SWIFT_VERSION = 5.0;
				TARGETED_DEVICE_FAMILY = "1,2";
			};
			name = Debug;
		};
		B76454742C8BBC81002DF00E /* Release */ = {
			isa = XCBuildConfiguration;
			buildSettings = {
				ASSETCATALOG_COMPILER_APPICON_NAME = AppIcon;
				ASSETCATALOG_COMPILER_GLOBAL_ACCENT_COLOR_NAME = AccentColor;
				CODE_SIGN_STYLE = Automatic;
				CURRENT_PROJECT_VERSION = 1;
				DEVELOPMENT_ASSET_PATHS = "\"CanvasPlusPlayground/Preview Content\"";
				DEVELOPMENT_TEAM = "";
				ENABLE_PREVIEWS = YES;
				ENABLE_USER_SCRIPT_SANDBOXING = NO;
				GENERATE_INFOPLIST_FILE = YES;
				INFOPLIST_KEY_UIApplicationSceneManifest_Generation = YES;
				INFOPLIST_KEY_UIApplicationSupportsIndirectInputEvents = YES;
				INFOPLIST_KEY_UILaunchScreen_Generation = YES;
				INFOPLIST_KEY_UISupportedInterfaceOrientations_iPad = "UIInterfaceOrientationPortrait UIInterfaceOrientationPortraitUpsideDown UIInterfaceOrientationLandscapeLeft UIInterfaceOrientationLandscapeRight";
				INFOPLIST_KEY_UISupportedInterfaceOrientations_iPhone = "UIInterfaceOrientationPortrait UIInterfaceOrientationLandscapeLeft UIInterfaceOrientationLandscapeRight";
				IPHONEOS_DEPLOYMENT_TARGET = 17.4;
				LD_RUNPATH_SEARCH_PATHS = (
					"$(inherited)",
					"@executable_path/Frameworks",
				);
				MACOSX_DEPLOYMENT_TARGET = 14.4;
				MARKETING_VERSION = 1.0;
				PRODUCT_BUNDLE_IDENTIFIER = com.gtiosclub.CanvasPlusPlayground;
				PRODUCT_NAME = "$(TARGET_NAME)";
				REGISTER_APP_GROUPS = NO;
				SUPPORTED_PLATFORMS = "iphoneos iphonesimulator macosx";
				SUPPORTS_MACCATALYST = NO;
				SUPPORTS_MAC_DESIGNED_FOR_IPHONE_IPAD = NO;
				SWIFT_EMIT_LOC_STRINGS = YES;
				SWIFT_VERSION = 5.0;
				TARGETED_DEVICE_FAMILY = "1,2";
			};
			name = Release;
		};
/* End XCBuildConfiguration section */

/* Begin XCConfigurationList section */
		B764545F2C8BBC7F002DF00E /* Build configuration list for PBXProject "CanvasPlusPlayground" */ = {
			isa = XCConfigurationList;
			buildConfigurations = (
				B76454702C8BBC81002DF00E /* Debug */,
				B76454712C8BBC81002DF00E /* Release */,
			);
			defaultConfigurationIsVisible = 0;
			defaultConfigurationName = Release;
		};
		B76454722C8BBC81002DF00E /* Build configuration list for PBXNativeTarget "CanvasPlusPlayground" */ = {
			isa = XCConfigurationList;
			buildConfigurations = (
				B76454732C8BBC81002DF00E /* Debug */,
				B76454742C8BBC81002DF00E /* Release */,
			);
			defaultConfigurationIsVisible = 0;
			defaultConfigurationName = Release;
		};
/* End XCConfigurationList section */

/* Begin XCRemoteSwiftPackageReference section */
		B785BE632CF592710094BF94 /* XCRemoteSwiftPackageReference "mlx-swift-examples" */ = {
			isa = XCRemoteSwiftPackageReference;
			repositoryURL = "https://github.com/ml-explore/mlx-swift-examples/";
			requirement = {
				kind = upToNextMajorVersion;
				minimumVersion = 1.18.1;
			};
		};
		B7E59A1C2D21551D001836FE /* XCRemoteSwiftPackageReference "SwiftLintPlugins" */ = {
			isa = XCRemoteSwiftPackageReference;
			repositoryURL = "https://github.com/SimplyDanny/SwiftLintPlugins";
			requirement = {
				kind = upToNextMajorVersion;
				minimumVersion = 0.57.1;
			};
		};
/* End XCRemoteSwiftPackageReference section */

/* Begin XCSwiftPackageProductDependency section */
		B785BE642CF592710094BF94 /* LLM */ = {
			isa = XCSwiftPackageProductDependency;
			package = B785BE632CF592710094BF94 /* XCRemoteSwiftPackageReference "mlx-swift-examples" */;
			productName = LLM;
		};
		B7E59A1F2D217BCB001836FE /* SwiftLintBuildToolPlugin */ = {
			isa = XCSwiftPackageProductDependency;
			package = B7E59A1C2D21551D001836FE /* XCRemoteSwiftPackageReference "SwiftLintPlugins" */;
			productName = "plugin:SwiftLintBuildToolPlugin";
		};
/* End XCSwiftPackageProductDependency section */
	};
	rootObject = B764545C2C8BBC7F002DF00E /* Project object */;
}
